
Microsoft Visual Studio Solution File, Format Version 12.00
# Visual Studio Version 17
VisualStudioVersion = 17.0.31903.59
MinimumVisualStudioVersion = 10.0.40219.1
Project("{2150E333-8FDC-42A3-9474-1A3956D46DE8}") = "101", "101", "{247E3B51-EE6B-4D08-86ED-630C5934ECC3}"
EndProject
Project("{FAE04EC0-301F-11D3-BF4B-00C04F79EFBC}") = "Rockaway.WebApp", "101\Rockaway\Rockaway.WebApp\Rockaway.WebApp.csproj", "{A0D6EF06-2713-4213-B9A8-538E7FEC7389}"
EndProject
Project("{FAE04EC0-301F-11D3-BF4B-00C04F79EFBC}") = "Rockaway.WebApp.Tests", "101\Rockaway\Rockaway.WebApp.Tests\Rockaway.WebApp.Tests.csproj", "{16CBE128-9CA8-4D04-B32C-50CF8A99FFE8}"
EndProject
Project("{2150E333-8FDC-42A3-9474-1A3956D46DE8}") = "102", "102", "{6F7765AC-484B-4533-B4BC-02461EE4EF11}"
EndProject
Project("{FAE04EC0-301F-11D3-BF4B-00C04F79EFBC}") = "Rockaway.WebApp", "102\Rockaway\Rockaway.WebApp\Rockaway.WebApp.csproj", "{BEC51FA2-6FC6-42DD-9D38-A797DD027D22}"
EndProject
Project("{FAE04EC0-301F-11D3-BF4B-00C04F79EFBC}") = "Rockaway.WebApp.Tests", "102\Rockaway\Rockaway.WebApp.Tests\Rockaway.WebApp.Tests.csproj", "{1992A5DB-6DC3-42D4-99DB-8D1EA5E1B24D}"
EndProject
Project("{2150E333-8FDC-42A3-9474-1A3956D46DE8}") = "103", "103", "{3B8EC6CB-8151-4EA4-A304-67599591A861}"
EndProject
Project("{FAE04EC0-301F-11D3-BF4B-00C04F79EFBC}") = "Rockaway.WebApp", "103\Rockaway\Rockaway.WebApp\Rockaway.WebApp.csproj", "{9762F147-A201-4321-9463-25AC7B5304A3}"
EndProject
Project("{FAE04EC0-301F-11D3-BF4B-00C04F79EFBC}") = "Rockaway.WebApp.Tests", "103\Rockaway\Rockaway.WebApp.Tests\Rockaway.WebApp.Tests.csproj", "{B81F834F-3AF0-48F9-AA60-D59567998E5A}"
EndProject
Project("{2150E333-8FDC-42A3-9474-1A3956D46DE8}") = "200", "200", "{FF8A1636-6471-4224-B1A1-BD8B1A1DAFED}"
EndProject
Project("{FAE04EC0-301F-11D3-BF4B-00C04F79EFBC}") = "Rockaway.WebApp", "200\Rockaway\Rockaway.WebApp\Rockaway.WebApp.csproj", "{41D40D0D-8CEF-4FF4-AFBB-4FCD4DBB2658}"
EndProject
Project("{FAE04EC0-301F-11D3-BF4B-00C04F79EFBC}") = "Rockaway.WebApp.Tests", "200\Rockaway\Rockaway.WebApp.Tests\Rockaway.WebApp.Tests.csproj", "{B26605DE-ED3C-4874-9274-E4CDF8D99CE7}"
EndProject
Project("{2150E333-8FDC-42A3-9474-1A3956D46DE8}") = "201", "201", "{66781638-8E45-4AFB-A1A2-58FCB45F1DB8}"
EndProject
Project("{FAE04EC0-301F-11D3-BF4B-00C04F79EFBC}") = "Rockaway.WebApp", "201\Rockaway\Rockaway.WebApp\Rockaway.WebApp.csproj", "{B0861AC7-7CD1-4C64-BBDC-2602CA159B4A}"
EndProject
Project("{FAE04EC0-301F-11D3-BF4B-00C04F79EFBC}") = "Rockaway.WebApp.Tests", "201\Rockaway\Rockaway.WebApp.Tests\Rockaway.WebApp.Tests.csproj", "{C96F3328-E719-4B9D-B45B-41565F6AA40A}"
EndProject
Project("{2150E333-8FDC-42A3-9474-1A3956D46DE8}") = "202", "202", "{521B2393-9ABA-4105-97E3-DC46CA1BB295}"
EndProject
Project("{FAE04EC0-301F-11D3-BF4B-00C04F79EFBC}") = "Rockaway.WebApp", "202\Rockaway\Rockaway.WebApp\Rockaway.WebApp.csproj", "{A84B10B7-E29D-4EB6-AAA4-A1C058F29DA8}"
EndProject
Project("{FAE04EC0-301F-11D3-BF4B-00C04F79EFBC}") = "Rockaway.WebApp.Tests", "202\Rockaway\Rockaway.WebApp.Tests\Rockaway.WebApp.Tests.csproj", "{1CC1FFAA-39D1-4B24-9AE2-4B3031B0D951}"
EndProject
Project("{2150E333-8FDC-42A3-9474-1A3956D46DE8}") = "300", "300", "{02A257EA-1576-4A17-82AB-806FDE2B6D7B}"
EndProject
Project("{FAE04EC0-301F-11D3-BF4B-00C04F79EFBC}") = "Rockaway.WebApp", "300\Rockaway\Rockaway.WebApp\Rockaway.WebApp.csproj", "{462C82AC-EA4B-4EAD-9782-54D83C9B1383}"
EndProject
Project("{FAE04EC0-301F-11D3-BF4B-00C04F79EFBC}") = "Rockaway.WebApp.Tests", "300\Rockaway\Rockaway.WebApp.Tests\Rockaway.WebApp.Tests.csproj", "{2170628A-3211-4B9F-AE20-555536FF348C}"
EndProject
Project("{2150E333-8FDC-42A3-9474-1A3956D46DE8}") = "301", "301", "{38496EDD-2C4E-4FC5-B545-66D5D2970EE8}"
EndProject
Project("{FAE04EC0-301F-11D3-BF4B-00C04F79EFBC}") = "Rockaway.WebApp", "301\Rockaway\Rockaway.WebApp\Rockaway.WebApp.csproj", "{44351064-BD6E-4EC2-9DAF-84B0ADD34EF8}"
EndProject
Project("{FAE04EC0-301F-11D3-BF4B-00C04F79EFBC}") = "Rockaway.WebApp.Tests", "301\Rockaway\Rockaway.WebApp.Tests\Rockaway.WebApp.Tests.csproj", "{675C6407-C6E3-4AA6-80F5-4F412114B22F}"
EndProject
Project("{2150E333-8FDC-42A3-9474-1A3956D46DE8}") = "302", "302", "{871296B8-39F1-46D2-B21C-7AB426A547EC}"
EndProject
Project("{FAE04EC0-301F-11D3-BF4B-00C04F79EFBC}") = "Rockaway.WebApp", "302\Rockaway\Rockaway.WebApp\Rockaway.WebApp.csproj", "{64A3BAA8-00FA-4962-AE7F-C1FFECDB13A1}"
EndProject
Project("{FAE04EC0-301F-11D3-BF4B-00C04F79EFBC}") = "Rockaway.WebApp.Tests", "302\Rockaway\Rockaway.WebApp.Tests\Rockaway.WebApp.Tests.csproj", "{DDF56328-4A6A-4123-BB10-92CEEF9F53DF}"
EndProject
Project("{2150E333-8FDC-42A3-9474-1A3956D46DE8}") = "303", "303", "{F1C3BB07-553D-4570-8606-A6EE8A146A90}"
EndProject
Project("{FAE04EC0-301F-11D3-BF4B-00C04F79EFBC}") = "Rockaway.WebApp", "303\Rockaway\Rockaway.WebApp\Rockaway.WebApp.csproj", "{3D88E9AF-B23F-4E75-959D-9E6C7E00AF01}"
EndProject
Project("{FAE04EC0-301F-11D3-BF4B-00C04F79EFBC}") = "Rockaway.WebApp.Tests", "303\Rockaway\Rockaway.WebApp.Tests\Rockaway.WebApp.Tests.csproj", "{05048FCA-A996-4003-9B08-43F1CF32526A}"
EndProject
Project("{2150E333-8FDC-42A3-9474-1A3956D46DE8}") = "304", "304", "{99D804C5-BED8-4B15-A03C-91772793EC6F}"
EndProject
Project("{FAE04EC0-301F-11D3-BF4B-00C04F79EFBC}") = "Rockaway.WebApp", "304\Rockaway\Rockaway.WebApp\Rockaway.WebApp.csproj", "{54A2A8AB-258A-4310-8CDD-FB0C9D27EF71}"
EndProject
Project("{FAE04EC0-301F-11D3-BF4B-00C04F79EFBC}") = "Rockaway.WebApp.Tests", "304\Rockaway\Rockaway.WebApp.Tests\Rockaway.WebApp.Tests.csproj", "{95E89964-1D39-4889-9B35-7B1CD357D53B}"
EndProject
Project("{2150E333-8FDC-42A3-9474-1A3956D46DE8}") = "305", "305", "{D048FF34-3CDB-4BC5-AD08-3CEF3E93ECEE}"
EndProject
Project("{FAE04EC0-301F-11D3-BF4B-00C04F79EFBC}") = "Rockaway.WebApp", "305\Rockaway\Rockaway.WebApp\Rockaway.WebApp.csproj", "{A1E97315-199D-424B-8C15-C38C74B8065B}"
EndProject
Project("{FAE04EC0-301F-11D3-BF4B-00C04F79EFBC}") = "Rockaway.WebApp.Tests", "305\Rockaway\Rockaway.WebApp.Tests\Rockaway.WebApp.Tests.csproj", "{2C0EE8E5-B117-4312-BAF0-F57E504C0CA7}"
EndProject
Project("{2150E333-8FDC-42A3-9474-1A3956D46DE8}") = "400", "400", "{607C6939-E540-4EE9-9E0C-D564CC2CBE06}"
EndProject
Project("{FAE04EC0-301F-11D3-BF4B-00C04F79EFBC}") = "Rockaway.WebApp", "400\Rockaway\Rockaway.WebApp\Rockaway.WebApp.csproj", "{E88ADCE8-4983-421B-ABAB-83CE75092B44}"
EndProject
Project("{FAE04EC0-301F-11D3-BF4B-00C04F79EFBC}") = "Rockaway.WebApp.Tests", "400\Rockaway\Rockaway.WebApp.Tests\Rockaway.WebApp.Tests.csproj", "{225593DE-AF95-4078-83D2-F2DDF0C3AAD6}"
EndProject
Project("{2150E333-8FDC-42A3-9474-1A3956D46DE8}") = "401", "401", "{7098049C-0F79-444C-8C38-94AF79C50E0F}"
EndProject
Project("{FAE04EC0-301F-11D3-BF4B-00C04F79EFBC}") = "Rockaway.WebApp", "401\Rockaway\Rockaway.WebApp\Rockaway.WebApp.csproj", "{B35789A3-C0AB-4B58-B609-C561EA512BAC}"
EndProject
Project("{FAE04EC0-301F-11D3-BF4B-00C04F79EFBC}") = "Rockaway.WebApp.Tests", "401\Rockaway\Rockaway.WebApp.Tests\Rockaway.WebApp.Tests.csproj", "{CDD5390D-0B54-4A88-A86F-97633FA1BF4D}"
EndProject
Project("{2150E333-8FDC-42A3-9474-1A3956D46DE8}") = "402", "402", "{C2072BC8-F949-4510-868C-8D3A162C2C96}"
EndProject
Project("{FAE04EC0-301F-11D3-BF4B-00C04F79EFBC}") = "Rockaway.WebApp", "402\Rockaway\Rockaway.WebApp\Rockaway.WebApp.csproj", "{1B247C2C-8ACF-46C3-B043-6148BE8571BE}"
EndProject
Project("{FAE04EC0-301F-11D3-BF4B-00C04F79EFBC}") = "Rockaway.WebApp.Tests", "402\Rockaway\Rockaway.WebApp.Tests\Rockaway.WebApp.Tests.csproj", "{7F252DE3-0EA7-4AC7-BBBF-3D86490645FD}"
EndProject
Project("{2150E333-8FDC-42A3-9474-1A3956D46DE8}") = "500", "500", "{2E7EAA82-927E-489F-938D-DC96D8DB07EF}"
EndProject
Project("{FAE04EC0-301F-11D3-BF4B-00C04F79EFBC}") = "Rockaway.WebApp", "500\Rockaway\Rockaway.WebApp\Rockaway.WebApp.csproj", "{CBAFEFE7-92DD-48A6-AEAD-C2894D658BB7}"
EndProject
Project("{FAE04EC0-301F-11D3-BF4B-00C04F79EFBC}") = "Rockaway.WebApp.Tests", "500\Rockaway\Rockaway.WebApp.Tests\Rockaway.WebApp.Tests.csproj", "{3EF48EAF-BF7E-4C17-9D43-56C58DF241C6}"
EndProject
Project("{2150E333-8FDC-42A3-9474-1A3956D46DE8}") = "501", "501", "{0DA83E9C-A8D6-4D38-AE48-D4BEC8B186D3}"
EndProject
Project("{FAE04EC0-301F-11D3-BF4B-00C04F79EFBC}") = "Rockaway.WebApp", "501\Rockaway\Rockaway.WebApp\Rockaway.WebApp.csproj", "{9F2406FB-C1FB-4260-BAF7-D7BE528C1EDC}"
EndProject
Project("{FAE04EC0-301F-11D3-BF4B-00C04F79EFBC}") = "Rockaway.WebApp.Tests", "501\Rockaway\Rockaway.WebApp.Tests\Rockaway.WebApp.Tests.csproj", "{F92035F9-57F0-4318-88B2-988B5EA7265B}"
EndProject
Project("{2150E333-8FDC-42A3-9474-1A3956D46DE8}") = "502", "502", "{663DDA7A-B723-4C23-B9DC-50038F253B7C}"
EndProject
Project("{FAE04EC0-301F-11D3-BF4B-00C04F79EFBC}") = "Rockaway.WebApp", "502\Rockaway\Rockaway.WebApp\Rockaway.WebApp.csproj", "{DD9DDA46-47AC-45F3-9F16-B8141B4D5E81}"
EndProject
Project("{FAE04EC0-301F-11D3-BF4B-00C04F79EFBC}") = "Rockaway.WebApp.Tests", "502\Rockaway\Rockaway.WebApp.Tests\Rockaway.WebApp.Tests.csproj", "{F4808868-4E34-4EF7-B559-154232A32194}"
EndProject
Project("{2150E333-8FDC-42A3-9474-1A3956D46DE8}") = "503", "503", "{E8DEFEA4-0B60-4053-B70F-B5D3B6D603E2}"
EndProject
Project("{FAE04EC0-301F-11D3-BF4B-00C04F79EFBC}") = "Rockaway.WebApp", "503\Rockaway\Rockaway.WebApp\Rockaway.WebApp.csproj", "{F5C2536C-DF11-4BD4-A618-61A95DD9FB51}"
EndProject
Project("{FAE04EC0-301F-11D3-BF4B-00C04F79EFBC}") = "Rockaway.WebApp.Tests", "503\Rockaway\Rockaway.WebApp.Tests\Rockaway.WebApp.Tests.csproj", "{51E754F3-FB26-46C8-86BC-A80334EE7A53}"
EndProject
Project("{2150E333-8FDC-42A3-9474-1A3956D46DE8}") = "504", "504", "{FA34A943-A030-4DD1-936B-BCF71F41F48B}"
EndProject
Project("{FAE04EC0-301F-11D3-BF4B-00C04F79EFBC}") = "Rockaway.WebApp", "504\Rockaway\Rockaway.WebApp\Rockaway.WebApp.csproj", "{79B32551-49CD-435C-BB1A-C3106BFF8A9F}"
EndProject
Project("{FAE04EC0-301F-11D3-BF4B-00C04F79EFBC}") = "Rockaway.WebApp.Tests", "504\Rockaway\Rockaway.WebApp.Tests\Rockaway.WebApp.Tests.csproj", "{AD68392B-F2FD-422F-88D2-917942A45E66}"
EndProject
Project("{2150E333-8FDC-42A3-9474-1A3956D46DE8}") = "505", "505", "{1CFBB98F-80D0-4BA0-BAAC-EFF089745848}"
EndProject
Project("{FAE04EC0-301F-11D3-BF4B-00C04F79EFBC}") = "Rockaway.WebApp", "505\Rockaway\Rockaway.WebApp\Rockaway.WebApp.csproj", "{25FD3207-0175-4B3D-928B-CDC99E5A9974}"
EndProject
Project("{FAE04EC0-301F-11D3-BF4B-00C04F79EFBC}") = "Rockaway.WebApp.Tests", "505\Rockaway\Rockaway.WebApp.Tests\Rockaway.WebApp.Tests.csproj", "{A2E33031-2254-4111-8FC7-C329EB777167}"
EndProject
Project("{2150E333-8FDC-42A3-9474-1A3956D46DE8}") = "506", "506", "{515728CA-F2BB-4F2C-A76E-B7B0AAEE92A2}"
EndProject
Project("{FAE04EC0-301F-11D3-BF4B-00C04F79EFBC}") = "Rockaway.WebApp", "506\Rockaway\Rockaway.WebApp\Rockaway.WebApp.csproj", "{63054FC4-B041-4ED8-A2E6-C89F3493666F}"
EndProject
Project("{FAE04EC0-301F-11D3-BF4B-00C04F79EFBC}") = "Rockaway.WebApp.Tests", "506\Rockaway\Rockaway.WebApp.Tests\Rockaway.WebApp.Tests.csproj", "{5E19A612-62A7-49C0-B3D2-12A69601F2F4}"
EndProject
Project("{2150E333-8FDC-42A3-9474-1A3956D46DE8}") = "507", "507", "{CFA90A32-25A9-44CC-8505-3EE35176BD75}"
EndProject
Project("{FAE04EC0-301F-11D3-BF4B-00C04F79EFBC}") = "Rockaway.WebApp", "507\Rockaway\Rockaway.WebApp\Rockaway.WebApp.csproj", "{20559109-A70A-43FC-A9FC-17933CBAE841}"
EndProject
Project("{FAE04EC0-301F-11D3-BF4B-00C04F79EFBC}") = "Rockaway.WebApp.Tests", "507\Rockaway\Rockaway.WebApp.Tests\Rockaway.WebApp.Tests.csproj", "{9CBCBFFD-8DAE-43D5-A2F7-7A2A4B1CD32A}"
EndProject
Project("{2150E333-8FDC-42A3-9474-1A3956D46DE8}") = "508", "508", "{29B33798-F898-4269-A4A9-A810BDCD5458}"
EndProject
Project("{FAE04EC0-301F-11D3-BF4B-00C04F79EFBC}") = "Rockaway.WebApp", "508\Rockaway\Rockaway.WebApp\Rockaway.WebApp.csproj", "{2B7710EE-30F2-483E-A808-713978910308}"
EndProject
Project("{FAE04EC0-301F-11D3-BF4B-00C04F79EFBC}") = "Rockaway.WebApp.Tests", "508\Rockaway\Rockaway.WebApp.Tests\Rockaway.WebApp.Tests.csproj", "{5582302B-C097-4C81-ADD5-4837EB3A3B03}"
EndProject
Project("{2150E333-8FDC-42A3-9474-1A3956D46DE8}") = "509", "509", "{F6187223-03AD-4743-B247-9BEA88027D0B}"
EndProject
Project("{FAE04EC0-301F-11D3-BF4B-00C04F79EFBC}") = "Rockaway.WebApp", "509\Rockaway\Rockaway.WebApp\Rockaway.WebApp.csproj", "{92502489-EF52-4612-B402-11AEE53AE634}"
EndProject
Project("{FAE04EC0-301F-11D3-BF4B-00C04F79EFBC}") = "Rockaway.WebApp.Tests", "509\Rockaway\Rockaway.WebApp.Tests\Rockaway.WebApp.Tests.csproj", "{E4D5E2E5-A17B-47BB-96CA-646DA550B9CC}"
EndProject
Project("{2150E333-8FDC-42A3-9474-1A3956D46DE8}") = "510", "510", "{16303071-392D-4D70-91D0-51EB11912CDE}"
EndProject
Project("{FAE04EC0-301F-11D3-BF4B-00C04F79EFBC}") = "Rockaway.WebApp", "510\Rockaway\Rockaway.WebApp\Rockaway.WebApp.csproj", "{6D3D9F9E-BEDD-43F3-A839-F82B86CFD7D9}"
EndProject
Project("{FAE04EC0-301F-11D3-BF4B-00C04F79EFBC}") = "Rockaway.WebApp.Tests", "510\Rockaway\Rockaway.WebApp.Tests\Rockaway.WebApp.Tests.csproj", "{08793709-A6D1-4571-8674-CE1B7B53346B}"
EndProject
Project("{2150E333-8FDC-42A3-9474-1A3956D46DE8}") = "600", "600", "{EA2C4E68-087E-47AA-A659-0B784C3C3EB0}"
EndProject
Project("{FAE04EC0-301F-11D3-BF4B-00C04F79EFBC}") = "Rockaway.WebApp", "600-codegen\Rockaway\Rockaway.WebApp\Rockaway.WebApp.csproj", "{89FCBEDD-34DA-407A-A433-895AE096C657}"
EndProject
Project("{FAE04EC0-301F-11D3-BF4B-00C04F79EFBC}") = "Rockaway.WebApp.Tests", "600-codegen\Rockaway\Rockaway.WebApp.Tests\Rockaway.WebApp.Tests.csproj", "{7C8F185E-3538-4471-9225-0C27424EEBF9}"
EndProject
Project("{2150E333-8FDC-42A3-9474-1A3956D46DE8}") = "601", "601", "{77EAA864-59AD-4A9B-99A7-43AEC4368960}"
EndProject
Project("{FAE04EC0-301F-11D3-BF4B-00C04F79EFBC}") = "Rockaway.WebApp", "601\Rockaway\Rockaway.WebApp\Rockaway.WebApp.csproj", "{4C8FE112-1C4F-40C5-9EF4-505CE45162F4}"
EndProject
Project("{FAE04EC0-301F-11D3-BF4B-00C04F79EFBC}") = "Rockaway.WebApp.Tests", "601\Rockaway\Rockaway.WebApp.Tests\Rockaway.WebApp.Tests.csproj", "{EA0ADB38-443F-4B29-A72D-667739050407}"
EndProject
Project("{2150E333-8FDC-42A3-9474-1A3956D46DE8}") = "602", "602", "{D8ECEFEE-29BD-4B5F-8C09-6180E8A0ACF1}"
EndProject
Project("{FAE04EC0-301F-11D3-BF4B-00C04F79EFBC}") = "Rockaway.WebApp", "602\Rockaway\Rockaway.WebApp\Rockaway.WebApp.csproj", "{1D2F8497-6C1E-4170-B27F-4627EFE835A3}"
EndProject
Project("{FAE04EC0-301F-11D3-BF4B-00C04F79EFBC}") = "Rockaway.WebApp.Tests", "602\Rockaway\Rockaway.WebApp.Tests\Rockaway.WebApp.Tests.csproj", "{2CCDF63C-C6D9-4EB8-8AA9-E49AD4E486D1}"
EndProject
Project("{2150E333-8FDC-42A3-9474-1A3956D46DE8}") = "701", "701", "{9B55333D-DAE7-476E-BAEF-634CC27ECEDE}"
EndProject
Project("{FAE04EC0-301F-11D3-BF4B-00C04F79EFBC}") = "Rockaway.WebApp", "701\Rockaway\Rockaway.WebApp\Rockaway.WebApp.csproj", "{F56B6811-EB77-46B8-968D-6D1AC3981012}"
EndProject
Project("{FAE04EC0-301F-11D3-BF4B-00C04F79EFBC}") = "Rockaway.WebApp.Tests", "701\Rockaway\Rockaway.WebApp.Tests\Rockaway.WebApp.Tests.csproj", "{E80CF06D-8A78-4549-9339-F226433F09A0}"
EndProject
Project("{2150E333-8FDC-42A3-9474-1A3956D46DE8}") = "702", "702", "{B895A21F-6853-4389-AE96-B4F3522B6B01}"
EndProject
Project("{FAE04EC0-301F-11D3-BF4B-00C04F79EFBC}") = "Rockaway.RazorComponents", "702\Rockaway\Rockaway.RazorComponents\Rockaway.RazorComponents.csproj", "{B0EDE959-8D01-4410-90A4-33F310905C2A}"
EndProject
Project("{FAE04EC0-301F-11D3-BF4B-00C04F79EFBC}") = "Rockaway.WebApp", "702\Rockaway\Rockaway.WebApp\Rockaway.WebApp.csproj", "{D5981A18-AB15-48F1-BE89-21A60F948AB8}"
EndProject
Project("{FAE04EC0-301F-11D3-BF4B-00C04F79EFBC}") = "Rockaway.WebApp.Tests", "702\Rockaway\Rockaway.WebApp.Tests\Rockaway.WebApp.Tests.csproj", "{035AE4C9-82E9-4D34-8BED-CAA3D973B5A1}"
EndProject
Global
	GlobalSection(SolutionConfigurationPlatforms) = preSolution
		Debug|Any CPU = Debug|Any CPU
		Release|Any CPU = Release|Any CPU
	EndGlobalSection
	GlobalSection(SolutionProperties) = preSolution
		HideSolutionNode = FALSE
	EndGlobalSection
	GlobalSection(ProjectConfigurationPlatforms) = postSolution
		{A0D6EF06-2713-4213-B9A8-538E7FEC7389}.Debug|Any CPU.ActiveCfg = Debug|Any CPU
		{A0D6EF06-2713-4213-B9A8-538E7FEC7389}.Debug|Any CPU.Build.0 = Debug|Any CPU
		{A0D6EF06-2713-4213-B9A8-538E7FEC7389}.Release|Any CPU.ActiveCfg = Release|Any CPU
		{A0D6EF06-2713-4213-B9A8-538E7FEC7389}.Release|Any CPU.Build.0 = Release|Any CPU
		{16CBE128-9CA8-4D04-B32C-50CF8A99FFE8}.Debug|Any CPU.ActiveCfg = Debug|Any CPU
		{16CBE128-9CA8-4D04-B32C-50CF8A99FFE8}.Debug|Any CPU.Build.0 = Debug|Any CPU
		{16CBE128-9CA8-4D04-B32C-50CF8A99FFE8}.Release|Any CPU.ActiveCfg = Release|Any CPU
		{16CBE128-9CA8-4D04-B32C-50CF8A99FFE8}.Release|Any CPU.Build.0 = Release|Any CPU
		{BEC51FA2-6FC6-42DD-9D38-A797DD027D22}.Debug|Any CPU.ActiveCfg = Debug|Any CPU
		{BEC51FA2-6FC6-42DD-9D38-A797DD027D22}.Debug|Any CPU.Build.0 = Debug|Any CPU
		{BEC51FA2-6FC6-42DD-9D38-A797DD027D22}.Release|Any CPU.ActiveCfg = Release|Any CPU
		{BEC51FA2-6FC6-42DD-9D38-A797DD027D22}.Release|Any CPU.Build.0 = Release|Any CPU
		{1992A5DB-6DC3-42D4-99DB-8D1EA5E1B24D}.Debug|Any CPU.ActiveCfg = Debug|Any CPU
		{1992A5DB-6DC3-42D4-99DB-8D1EA5E1B24D}.Debug|Any CPU.Build.0 = Debug|Any CPU
		{1992A5DB-6DC3-42D4-99DB-8D1EA5E1B24D}.Release|Any CPU.ActiveCfg = Release|Any CPU
		{1992A5DB-6DC3-42D4-99DB-8D1EA5E1B24D}.Release|Any CPU.Build.0 = Release|Any CPU
		{9762F147-A201-4321-9463-25AC7B5304A3}.Debug|Any CPU.ActiveCfg = Debug|Any CPU
		{9762F147-A201-4321-9463-25AC7B5304A3}.Debug|Any CPU.Build.0 = Debug|Any CPU
		{9762F147-A201-4321-9463-25AC7B5304A3}.Release|Any CPU.ActiveCfg = Release|Any CPU
		{9762F147-A201-4321-9463-25AC7B5304A3}.Release|Any CPU.Build.0 = Release|Any CPU
		{B81F834F-3AF0-48F9-AA60-D59567998E5A}.Debug|Any CPU.ActiveCfg = Debug|Any CPU
		{B81F834F-3AF0-48F9-AA60-D59567998E5A}.Debug|Any CPU.Build.0 = Debug|Any CPU
		{B81F834F-3AF0-48F9-AA60-D59567998E5A}.Release|Any CPU.ActiveCfg = Release|Any CPU
		{B81F834F-3AF0-48F9-AA60-D59567998E5A}.Release|Any CPU.Build.0 = Release|Any CPU
		{41D40D0D-8CEF-4FF4-AFBB-4FCD4DBB2658}.Debug|Any CPU.ActiveCfg = Debug|Any CPU
		{41D40D0D-8CEF-4FF4-AFBB-4FCD4DBB2658}.Debug|Any CPU.Build.0 = Debug|Any CPU
		{41D40D0D-8CEF-4FF4-AFBB-4FCD4DBB2658}.Release|Any CPU.ActiveCfg = Release|Any CPU
		{41D40D0D-8CEF-4FF4-AFBB-4FCD4DBB2658}.Release|Any CPU.Build.0 = Release|Any CPU
		{B26605DE-ED3C-4874-9274-E4CDF8D99CE7}.Debug|Any CPU.ActiveCfg = Debug|Any CPU
		{B26605DE-ED3C-4874-9274-E4CDF8D99CE7}.Debug|Any CPU.Build.0 = Debug|Any CPU
		{B26605DE-ED3C-4874-9274-E4CDF8D99CE7}.Release|Any CPU.ActiveCfg = Release|Any CPU
		{B26605DE-ED3C-4874-9274-E4CDF8D99CE7}.Release|Any CPU.Build.0 = Release|Any CPU
		{B0861AC7-7CD1-4C64-BBDC-2602CA159B4A}.Debug|Any CPU.ActiveCfg = Debug|Any CPU
		{B0861AC7-7CD1-4C64-BBDC-2602CA159B4A}.Debug|Any CPU.Build.0 = Debug|Any CPU
		{B0861AC7-7CD1-4C64-BBDC-2602CA159B4A}.Release|Any CPU.ActiveCfg = Release|Any CPU
		{B0861AC7-7CD1-4C64-BBDC-2602CA159B4A}.Release|Any CPU.Build.0 = Release|Any CPU
		{C96F3328-E719-4B9D-B45B-41565F6AA40A}.Debug|Any CPU.ActiveCfg = Debug|Any CPU
		{C96F3328-E719-4B9D-B45B-41565F6AA40A}.Debug|Any CPU.Build.0 = Debug|Any CPU
		{C96F3328-E719-4B9D-B45B-41565F6AA40A}.Release|Any CPU.ActiveCfg = Release|Any CPU
		{C96F3328-E719-4B9D-B45B-41565F6AA40A}.Release|Any CPU.Build.0 = Release|Any CPU
		{A84B10B7-E29D-4EB6-AAA4-A1C058F29DA8}.Debug|Any CPU.ActiveCfg = Debug|Any CPU
		{A84B10B7-E29D-4EB6-AAA4-A1C058F29DA8}.Debug|Any CPU.Build.0 = Debug|Any CPU
		{A84B10B7-E29D-4EB6-AAA4-A1C058F29DA8}.Release|Any CPU.ActiveCfg = Release|Any CPU
		{A84B10B7-E29D-4EB6-AAA4-A1C058F29DA8}.Release|Any CPU.Build.0 = Release|Any CPU
		{1CC1FFAA-39D1-4B24-9AE2-4B3031B0D951}.Debug|Any CPU.ActiveCfg = Debug|Any CPU
		{1CC1FFAA-39D1-4B24-9AE2-4B3031B0D951}.Debug|Any CPU.Build.0 = Debug|Any CPU
		{1CC1FFAA-39D1-4B24-9AE2-4B3031B0D951}.Release|Any CPU.ActiveCfg = Release|Any CPU
		{1CC1FFAA-39D1-4B24-9AE2-4B3031B0D951}.Release|Any CPU.Build.0 = Release|Any CPU
		{462C82AC-EA4B-4EAD-9782-54D83C9B1383}.Debug|Any CPU.ActiveCfg = Debug|Any CPU
		{462C82AC-EA4B-4EAD-9782-54D83C9B1383}.Debug|Any CPU.Build.0 = Debug|Any CPU
		{462C82AC-EA4B-4EAD-9782-54D83C9B1383}.Release|Any CPU.ActiveCfg = Release|Any CPU
		{462C82AC-EA4B-4EAD-9782-54D83C9B1383}.Release|Any CPU.Build.0 = Release|Any CPU
		{2170628A-3211-4B9F-AE20-555536FF348C}.Debug|Any CPU.ActiveCfg = Debug|Any CPU
		{2170628A-3211-4B9F-AE20-555536FF348C}.Debug|Any CPU.Build.0 = Debug|Any CPU
		{2170628A-3211-4B9F-AE20-555536FF348C}.Release|Any CPU.ActiveCfg = Release|Any CPU
		{2170628A-3211-4B9F-AE20-555536FF348C}.Release|Any CPU.Build.0 = Release|Any CPU
		{44351064-BD6E-4EC2-9DAF-84B0ADD34EF8}.Debug|Any CPU.ActiveCfg = Debug|Any CPU
		{44351064-BD6E-4EC2-9DAF-84B0ADD34EF8}.Debug|Any CPU.Build.0 = Debug|Any CPU
		{44351064-BD6E-4EC2-9DAF-84B0ADD34EF8}.Release|Any CPU.ActiveCfg = Release|Any CPU
		{44351064-BD6E-4EC2-9DAF-84B0ADD34EF8}.Release|Any CPU.Build.0 = Release|Any CPU
		{675C6407-C6E3-4AA6-80F5-4F412114B22F}.Debug|Any CPU.ActiveCfg = Debug|Any CPU
		{675C6407-C6E3-4AA6-80F5-4F412114B22F}.Debug|Any CPU.Build.0 = Debug|Any CPU
		{675C6407-C6E3-4AA6-80F5-4F412114B22F}.Release|Any CPU.ActiveCfg = Release|Any CPU
		{675C6407-C6E3-4AA6-80F5-4F412114B22F}.Release|Any CPU.Build.0 = Release|Any CPU
		{64A3BAA8-00FA-4962-AE7F-C1FFECDB13A1}.Debug|Any CPU.ActiveCfg = Debug|Any CPU
		{64A3BAA8-00FA-4962-AE7F-C1FFECDB13A1}.Debug|Any CPU.Build.0 = Debug|Any CPU
		{64A3BAA8-00FA-4962-AE7F-C1FFECDB13A1}.Release|Any CPU.ActiveCfg = Release|Any CPU
		{64A3BAA8-00FA-4962-AE7F-C1FFECDB13A1}.Release|Any CPU.Build.0 = Release|Any CPU
		{DDF56328-4A6A-4123-BB10-92CEEF9F53DF}.Debug|Any CPU.ActiveCfg = Debug|Any CPU
		{DDF56328-4A6A-4123-BB10-92CEEF9F53DF}.Debug|Any CPU.Build.0 = Debug|Any CPU
		{DDF56328-4A6A-4123-BB10-92CEEF9F53DF}.Release|Any CPU.ActiveCfg = Release|Any CPU
		{DDF56328-4A6A-4123-BB10-92CEEF9F53DF}.Release|Any CPU.Build.0 = Release|Any CPU
		{3D88E9AF-B23F-4E75-959D-9E6C7E00AF01}.Debug|Any CPU.ActiveCfg = Debug|Any CPU
		{3D88E9AF-B23F-4E75-959D-9E6C7E00AF01}.Debug|Any CPU.Build.0 = Debug|Any CPU
		{3D88E9AF-B23F-4E75-959D-9E6C7E00AF01}.Release|Any CPU.ActiveCfg = Release|Any CPU
		{3D88E9AF-B23F-4E75-959D-9E6C7E00AF01}.Release|Any CPU.Build.0 = Release|Any CPU
		{05048FCA-A996-4003-9B08-43F1CF32526A}.Debug|Any CPU.ActiveCfg = Debug|Any CPU
		{05048FCA-A996-4003-9B08-43F1CF32526A}.Debug|Any CPU.Build.0 = Debug|Any CPU
		{05048FCA-A996-4003-9B08-43F1CF32526A}.Release|Any CPU.ActiveCfg = Release|Any CPU
		{05048FCA-A996-4003-9B08-43F1CF32526A}.Release|Any CPU.Build.0 = Release|Any CPU
		{54A2A8AB-258A-4310-8CDD-FB0C9D27EF71}.Debug|Any CPU.ActiveCfg = Debug|Any CPU
		{54A2A8AB-258A-4310-8CDD-FB0C9D27EF71}.Debug|Any CPU.Build.0 = Debug|Any CPU
		{54A2A8AB-258A-4310-8CDD-FB0C9D27EF71}.Release|Any CPU.ActiveCfg = Release|Any CPU
		{54A2A8AB-258A-4310-8CDD-FB0C9D27EF71}.Release|Any CPU.Build.0 = Release|Any CPU
		{95E89964-1D39-4889-9B35-7B1CD357D53B}.Debug|Any CPU.ActiveCfg = Debug|Any CPU
		{95E89964-1D39-4889-9B35-7B1CD357D53B}.Debug|Any CPU.Build.0 = Debug|Any CPU
		{95E89964-1D39-4889-9B35-7B1CD357D53B}.Release|Any CPU.ActiveCfg = Release|Any CPU
		{95E89964-1D39-4889-9B35-7B1CD357D53B}.Release|Any CPU.Build.0 = Release|Any CPU
		{A1E97315-199D-424B-8C15-C38C74B8065B}.Debug|Any CPU.ActiveCfg = Debug|Any CPU
		{A1E97315-199D-424B-8C15-C38C74B8065B}.Debug|Any CPU.Build.0 = Debug|Any CPU
		{A1E97315-199D-424B-8C15-C38C74B8065B}.Release|Any CPU.ActiveCfg = Release|Any CPU
		{A1E97315-199D-424B-8C15-C38C74B8065B}.Release|Any CPU.Build.0 = Release|Any CPU
		{2C0EE8E5-B117-4312-BAF0-F57E504C0CA7}.Debug|Any CPU.ActiveCfg = Debug|Any CPU
		{2C0EE8E5-B117-4312-BAF0-F57E504C0CA7}.Debug|Any CPU.Build.0 = Debug|Any CPU
		{2C0EE8E5-B117-4312-BAF0-F57E504C0CA7}.Release|Any CPU.ActiveCfg = Release|Any CPU
		{2C0EE8E5-B117-4312-BAF0-F57E504C0CA7}.Release|Any CPU.Build.0 = Release|Any CPU
		{E88ADCE8-4983-421B-ABAB-83CE75092B44}.Debug|Any CPU.ActiveCfg = Debug|Any CPU
		{E88ADCE8-4983-421B-ABAB-83CE75092B44}.Debug|Any CPU.Build.0 = Debug|Any CPU
		{E88ADCE8-4983-421B-ABAB-83CE75092B44}.Release|Any CPU.ActiveCfg = Release|Any CPU
		{E88ADCE8-4983-421B-ABAB-83CE75092B44}.Release|Any CPU.Build.0 = Release|Any CPU
		{225593DE-AF95-4078-83D2-F2DDF0C3AAD6}.Debug|Any CPU.ActiveCfg = Debug|Any CPU
		{225593DE-AF95-4078-83D2-F2DDF0C3AAD6}.Debug|Any CPU.Build.0 = Debug|Any CPU
		{225593DE-AF95-4078-83D2-F2DDF0C3AAD6}.Release|Any CPU.ActiveCfg = Release|Any CPU
		{225593DE-AF95-4078-83D2-F2DDF0C3AAD6}.Release|Any CPU.Build.0 = Release|Any CPU
		{B35789A3-C0AB-4B58-B609-C561EA512BAC}.Debug|Any CPU.ActiveCfg = Debug|Any CPU
		{B35789A3-C0AB-4B58-B609-C561EA512BAC}.Debug|Any CPU.Build.0 = Debug|Any CPU
		{B35789A3-C0AB-4B58-B609-C561EA512BAC}.Release|Any CPU.ActiveCfg = Release|Any CPU
		{B35789A3-C0AB-4B58-B609-C561EA512BAC}.Release|Any CPU.Build.0 = Release|Any CPU
		{CDD5390D-0B54-4A88-A86F-97633FA1BF4D}.Debug|Any CPU.ActiveCfg = Debug|Any CPU
		{CDD5390D-0B54-4A88-A86F-97633FA1BF4D}.Debug|Any CPU.Build.0 = Debug|Any CPU
		{CDD5390D-0B54-4A88-A86F-97633FA1BF4D}.Release|Any CPU.ActiveCfg = Release|Any CPU
		{CDD5390D-0B54-4A88-A86F-97633FA1BF4D}.Release|Any CPU.Build.0 = Release|Any CPU
		{1B247C2C-8ACF-46C3-B043-6148BE8571BE}.Debug|Any CPU.ActiveCfg = Debug|Any CPU
		{1B247C2C-8ACF-46C3-B043-6148BE8571BE}.Debug|Any CPU.Build.0 = Debug|Any CPU
		{1B247C2C-8ACF-46C3-B043-6148BE8571BE}.Release|Any CPU.ActiveCfg = Release|Any CPU
		{1B247C2C-8ACF-46C3-B043-6148BE8571BE}.Release|Any CPU.Build.0 = Release|Any CPU
		{7F252DE3-0EA7-4AC7-BBBF-3D86490645FD}.Debug|Any CPU.ActiveCfg = Debug|Any CPU
		{7F252DE3-0EA7-4AC7-BBBF-3D86490645FD}.Debug|Any CPU.Build.0 = Debug|Any CPU
		{7F252DE3-0EA7-4AC7-BBBF-3D86490645FD}.Release|Any CPU.ActiveCfg = Release|Any CPU
		{7F252DE3-0EA7-4AC7-BBBF-3D86490645FD}.Release|Any CPU.Build.0 = Release|Any CPU
		{CBAFEFE7-92DD-48A6-AEAD-C2894D658BB7}.Debug|Any CPU.ActiveCfg = Debug|Any CPU
		{CBAFEFE7-92DD-48A6-AEAD-C2894D658BB7}.Debug|Any CPU.Build.0 = Debug|Any CPU
		{CBAFEFE7-92DD-48A6-AEAD-C2894D658BB7}.Release|Any CPU.ActiveCfg = Release|Any CPU
		{CBAFEFE7-92DD-48A6-AEAD-C2894D658BB7}.Release|Any CPU.Build.0 = Release|Any CPU
		{3EF48EAF-BF7E-4C17-9D43-56C58DF241C6}.Debug|Any CPU.ActiveCfg = Debug|Any CPU
		{3EF48EAF-BF7E-4C17-9D43-56C58DF241C6}.Debug|Any CPU.Build.0 = Debug|Any CPU
		{3EF48EAF-BF7E-4C17-9D43-56C58DF241C6}.Release|Any CPU.ActiveCfg = Release|Any CPU
		{3EF48EAF-BF7E-4C17-9D43-56C58DF241C6}.Release|Any CPU.Build.0 = Release|Any CPU
		{9F2406FB-C1FB-4260-BAF7-D7BE528C1EDC}.Debug|Any CPU.ActiveCfg = Debug|Any CPU
		{9F2406FB-C1FB-4260-BAF7-D7BE528C1EDC}.Debug|Any CPU.Build.0 = Debug|Any CPU
		{9F2406FB-C1FB-4260-BAF7-D7BE528C1EDC}.Release|Any CPU.ActiveCfg = Release|Any CPU
		{9F2406FB-C1FB-4260-BAF7-D7BE528C1EDC}.Release|Any CPU.Build.0 = Release|Any CPU
		{F92035F9-57F0-4318-88B2-988B5EA7265B}.Debug|Any CPU.ActiveCfg = Debug|Any CPU
		{F92035F9-57F0-4318-88B2-988B5EA7265B}.Debug|Any CPU.Build.0 = Debug|Any CPU
		{F92035F9-57F0-4318-88B2-988B5EA7265B}.Release|Any CPU.ActiveCfg = Release|Any CPU
		{F92035F9-57F0-4318-88B2-988B5EA7265B}.Release|Any CPU.Build.0 = Release|Any CPU
		{DD9DDA46-47AC-45F3-9F16-B8141B4D5E81}.Debug|Any CPU.ActiveCfg = Debug|Any CPU
		{DD9DDA46-47AC-45F3-9F16-B8141B4D5E81}.Debug|Any CPU.Build.0 = Debug|Any CPU
		{DD9DDA46-47AC-45F3-9F16-B8141B4D5E81}.Release|Any CPU.ActiveCfg = Release|Any CPU
		{DD9DDA46-47AC-45F3-9F16-B8141B4D5E81}.Release|Any CPU.Build.0 = Release|Any CPU
		{F4808868-4E34-4EF7-B559-154232A32194}.Debug|Any CPU.ActiveCfg = Debug|Any CPU
		{F4808868-4E34-4EF7-B559-154232A32194}.Debug|Any CPU.Build.0 = Debug|Any CPU
		{F4808868-4E34-4EF7-B559-154232A32194}.Release|Any CPU.ActiveCfg = Release|Any CPU
		{F4808868-4E34-4EF7-B559-154232A32194}.Release|Any CPU.Build.0 = Release|Any CPU
		{F5C2536C-DF11-4BD4-A618-61A95DD9FB51}.Debug|Any CPU.ActiveCfg = Debug|Any CPU
		{F5C2536C-DF11-4BD4-A618-61A95DD9FB51}.Debug|Any CPU.Build.0 = Debug|Any CPU
		{F5C2536C-DF11-4BD4-A618-61A95DD9FB51}.Release|Any CPU.ActiveCfg = Release|Any CPU
		{F5C2536C-DF11-4BD4-A618-61A95DD9FB51}.Release|Any CPU.Build.0 = Release|Any CPU
		{51E754F3-FB26-46C8-86BC-A80334EE7A53}.Debug|Any CPU.ActiveCfg = Debug|Any CPU
		{51E754F3-FB26-46C8-86BC-A80334EE7A53}.Debug|Any CPU.Build.0 = Debug|Any CPU
		{51E754F3-FB26-46C8-86BC-A80334EE7A53}.Release|Any CPU.ActiveCfg = Release|Any CPU
		{51E754F3-FB26-46C8-86BC-A80334EE7A53}.Release|Any CPU.Build.0 = Release|Any CPU
		{79B32551-49CD-435C-BB1A-C3106BFF8A9F}.Debug|Any CPU.ActiveCfg = Debug|Any CPU
		{79B32551-49CD-435C-BB1A-C3106BFF8A9F}.Debug|Any CPU.Build.0 = Debug|Any CPU
		{79B32551-49CD-435C-BB1A-C3106BFF8A9F}.Release|Any CPU.ActiveCfg = Release|Any CPU
		{79B32551-49CD-435C-BB1A-C3106BFF8A9F}.Release|Any CPU.Build.0 = Release|Any CPU
		{AD68392B-F2FD-422F-88D2-917942A45E66}.Debug|Any CPU.ActiveCfg = Debug|Any CPU
		{AD68392B-F2FD-422F-88D2-917942A45E66}.Debug|Any CPU.Build.0 = Debug|Any CPU
		{AD68392B-F2FD-422F-88D2-917942A45E66}.Release|Any CPU.ActiveCfg = Release|Any CPU
		{AD68392B-F2FD-422F-88D2-917942A45E66}.Release|Any CPU.Build.0 = Release|Any CPU
		{25FD3207-0175-4B3D-928B-CDC99E5A9974}.Debug|Any CPU.ActiveCfg = Debug|Any CPU
		{25FD3207-0175-4B3D-928B-CDC99E5A9974}.Debug|Any CPU.Build.0 = Debug|Any CPU
		{25FD3207-0175-4B3D-928B-CDC99E5A9974}.Release|Any CPU.ActiveCfg = Release|Any CPU
		{25FD3207-0175-4B3D-928B-CDC99E5A9974}.Release|Any CPU.Build.0 = Release|Any CPU
		{A2E33031-2254-4111-8FC7-C329EB777167}.Debug|Any CPU.ActiveCfg = Debug|Any CPU
		{A2E33031-2254-4111-8FC7-C329EB777167}.Debug|Any CPU.Build.0 = Debug|Any CPU
		{A2E33031-2254-4111-8FC7-C329EB777167}.Release|Any CPU.ActiveCfg = Release|Any CPU
		{A2E33031-2254-4111-8FC7-C329EB777167}.Release|Any CPU.Build.0 = Release|Any CPU
		{63054FC4-B041-4ED8-A2E6-C89F3493666F}.Debug|Any CPU.ActiveCfg = Debug|Any CPU
		{63054FC4-B041-4ED8-A2E6-C89F3493666F}.Debug|Any CPU.Build.0 = Debug|Any CPU
		{63054FC4-B041-4ED8-A2E6-C89F3493666F}.Release|Any CPU.ActiveCfg = Release|Any CPU
		{63054FC4-B041-4ED8-A2E6-C89F3493666F}.Release|Any CPU.Build.0 = Release|Any CPU
		{5E19A612-62A7-49C0-B3D2-12A69601F2F4}.Debug|Any CPU.ActiveCfg = Debug|Any CPU
		{5E19A612-62A7-49C0-B3D2-12A69601F2F4}.Debug|Any CPU.Build.0 = Debug|Any CPU
		{5E19A612-62A7-49C0-B3D2-12A69601F2F4}.Release|Any CPU.ActiveCfg = Release|Any CPU
		{5E19A612-62A7-49C0-B3D2-12A69601F2F4}.Release|Any CPU.Build.0 = Release|Any CPU
		{20559109-A70A-43FC-A9FC-17933CBAE841}.Debug|Any CPU.ActiveCfg = Debug|Any CPU
		{20559109-A70A-43FC-A9FC-17933CBAE841}.Debug|Any CPU.Build.0 = Debug|Any CPU
		{20559109-A70A-43FC-A9FC-17933CBAE841}.Release|Any CPU.ActiveCfg = Release|Any CPU
		{20559109-A70A-43FC-A9FC-17933CBAE841}.Release|Any CPU.Build.0 = Release|Any CPU
		{9CBCBFFD-8DAE-43D5-A2F7-7A2A4B1CD32A}.Debug|Any CPU.ActiveCfg = Debug|Any CPU
		{9CBCBFFD-8DAE-43D5-A2F7-7A2A4B1CD32A}.Debug|Any CPU.Build.0 = Debug|Any CPU
		{9CBCBFFD-8DAE-43D5-A2F7-7A2A4B1CD32A}.Release|Any CPU.ActiveCfg = Release|Any CPU
		{9CBCBFFD-8DAE-43D5-A2F7-7A2A4B1CD32A}.Release|Any CPU.Build.0 = Release|Any CPU
		{2B7710EE-30F2-483E-A808-713978910308}.Debug|Any CPU.ActiveCfg = Debug|Any CPU
		{2B7710EE-30F2-483E-A808-713978910308}.Debug|Any CPU.Build.0 = Debug|Any CPU
		{2B7710EE-30F2-483E-A808-713978910308}.Release|Any CPU.ActiveCfg = Release|Any CPU
		{2B7710EE-30F2-483E-A808-713978910308}.Release|Any CPU.Build.0 = Release|Any CPU
		{5582302B-C097-4C81-ADD5-4837EB3A3B03}.Debug|Any CPU.ActiveCfg = Debug|Any CPU
		{5582302B-C097-4C81-ADD5-4837EB3A3B03}.Debug|Any CPU.Build.0 = Debug|Any CPU
		{5582302B-C097-4C81-ADD5-4837EB3A3B03}.Release|Any CPU.ActiveCfg = Release|Any CPU
		{5582302B-C097-4C81-ADD5-4837EB3A3B03}.Release|Any CPU.Build.0 = Release|Any CPU
		{92502489-EF52-4612-B402-11AEE53AE634}.Debug|Any CPU.ActiveCfg = Debug|Any CPU
		{92502489-EF52-4612-B402-11AEE53AE634}.Debug|Any CPU.Build.0 = Debug|Any CPU
		{92502489-EF52-4612-B402-11AEE53AE634}.Release|Any CPU.ActiveCfg = Release|Any CPU
		{92502489-EF52-4612-B402-11AEE53AE634}.Release|Any CPU.Build.0 = Release|Any CPU
		{E4D5E2E5-A17B-47BB-96CA-646DA550B9CC}.Debug|Any CPU.ActiveCfg = Debug|Any CPU
		{E4D5E2E5-A17B-47BB-96CA-646DA550B9CC}.Debug|Any CPU.Build.0 = Debug|Any CPU
		{E4D5E2E5-A17B-47BB-96CA-646DA550B9CC}.Release|Any CPU.ActiveCfg = Release|Any CPU
		{E4D5E2E5-A17B-47BB-96CA-646DA550B9CC}.Release|Any CPU.Build.0 = Release|Any CPU
		{6D3D9F9E-BEDD-43F3-A839-F82B86CFD7D9}.Debug|Any CPU.ActiveCfg = Debug|Any CPU
		{6D3D9F9E-BEDD-43F3-A839-F82B86CFD7D9}.Debug|Any CPU.Build.0 = Debug|Any CPU
		{6D3D9F9E-BEDD-43F3-A839-F82B86CFD7D9}.Release|Any CPU.ActiveCfg = Release|Any CPU
		{6D3D9F9E-BEDD-43F3-A839-F82B86CFD7D9}.Release|Any CPU.Build.0 = Release|Any CPU
		{08793709-A6D1-4571-8674-CE1B7B53346B}.Debug|Any CPU.ActiveCfg = Debug|Any CPU
		{08793709-A6D1-4571-8674-CE1B7B53346B}.Debug|Any CPU.Build.0 = Debug|Any CPU
		{08793709-A6D1-4571-8674-CE1B7B53346B}.Release|Any CPU.ActiveCfg = Release|Any CPU
		{08793709-A6D1-4571-8674-CE1B7B53346B}.Release|Any CPU.Build.0 = Release|Any CPU
		{89FCBEDD-34DA-407A-A433-895AE096C657}.Debug|Any CPU.ActiveCfg = Debug|Any CPU
		{89FCBEDD-34DA-407A-A433-895AE096C657}.Debug|Any CPU.Build.0 = Debug|Any CPU
		{89FCBEDD-34DA-407A-A433-895AE096C657}.Release|Any CPU.ActiveCfg = Release|Any CPU
		{89FCBEDD-34DA-407A-A433-895AE096C657}.Release|Any CPU.Build.0 = Release|Any CPU
		{7C8F185E-3538-4471-9225-0C27424EEBF9}.Debug|Any CPU.ActiveCfg = Debug|Any CPU
		{7C8F185E-3538-4471-9225-0C27424EEBF9}.Debug|Any CPU.Build.0 = Debug|Any CPU
		{7C8F185E-3538-4471-9225-0C27424EEBF9}.Release|Any CPU.ActiveCfg = Release|Any CPU
		{7C8F185E-3538-4471-9225-0C27424EEBF9}.Release|Any CPU.Build.0 = Release|Any CPU
		{4C8FE112-1C4F-40C5-9EF4-505CE45162F4}.Debug|Any CPU.ActiveCfg = Debug|Any CPU
		{4C8FE112-1C4F-40C5-9EF4-505CE45162F4}.Debug|Any CPU.Build.0 = Debug|Any CPU
		{4C8FE112-1C4F-40C5-9EF4-505CE45162F4}.Release|Any CPU.ActiveCfg = Release|Any CPU
		{4C8FE112-1C4F-40C5-9EF4-505CE45162F4}.Release|Any CPU.Build.0 = Release|Any CPU
		{EA0ADB38-443F-4B29-A72D-667739050407}.Debug|Any CPU.ActiveCfg = Debug|Any CPU
		{EA0ADB38-443F-4B29-A72D-667739050407}.Debug|Any CPU.Build.0 = Debug|Any CPU
		{EA0ADB38-443F-4B29-A72D-667739050407}.Release|Any CPU.ActiveCfg = Release|Any CPU
		{EA0ADB38-443F-4B29-A72D-667739050407}.Release|Any CPU.Build.0 = Release|Any CPU
		{1D2F8497-6C1E-4170-B27F-4627EFE835A3}.Debug|Any CPU.ActiveCfg = Debug|Any CPU
		{1D2F8497-6C1E-4170-B27F-4627EFE835A3}.Debug|Any CPU.Build.0 = Debug|Any CPU
		{1D2F8497-6C1E-4170-B27F-4627EFE835A3}.Release|Any CPU.ActiveCfg = Release|Any CPU
		{1D2F8497-6C1E-4170-B27F-4627EFE835A3}.Release|Any CPU.Build.0 = Release|Any CPU
		{2CCDF63C-C6D9-4EB8-8AA9-E49AD4E486D1}.Debug|Any CPU.ActiveCfg = Debug|Any CPU
		{2CCDF63C-C6D9-4EB8-8AA9-E49AD4E486D1}.Debug|Any CPU.Build.0 = Debug|Any CPU
		{2CCDF63C-C6D9-4EB8-8AA9-E49AD4E486D1}.Release|Any CPU.ActiveCfg = Release|Any CPU
		{2CCDF63C-C6D9-4EB8-8AA9-E49AD4E486D1}.Release|Any CPU.Build.0 = Release|Any CPU
		{F56B6811-EB77-46B8-968D-6D1AC3981012}.Debug|Any CPU.ActiveCfg = Debug|Any CPU
		{F56B6811-EB77-46B8-968D-6D1AC3981012}.Debug|Any CPU.Build.0 = Debug|Any CPU
		{F56B6811-EB77-46B8-968D-6D1AC3981012}.Release|Any CPU.ActiveCfg = Release|Any CPU
		{F56B6811-EB77-46B8-968D-6D1AC3981012}.Release|Any CPU.Build.0 = Release|Any CPU
		{E80CF06D-8A78-4549-9339-F226433F09A0}.Debug|Any CPU.ActiveCfg = Debug|Any CPU
		{E80CF06D-8A78-4549-9339-F226433F09A0}.Debug|Any CPU.Build.0 = Debug|Any CPU
		{E80CF06D-8A78-4549-9339-F226433F09A0}.Release|Any CPU.ActiveCfg = Release|Any CPU
		{E80CF06D-8A78-4549-9339-F226433F09A0}.Release|Any CPU.Build.0 = Release|Any CPU
		{B0EDE959-8D01-4410-90A4-33F310905C2A}.Debug|Any CPU.ActiveCfg = Debug|Any CPU
		{B0EDE959-8D01-4410-90A4-33F310905C2A}.Debug|Any CPU.Build.0 = Debug|Any CPU
		{B0EDE959-8D01-4410-90A4-33F310905C2A}.Release|Any CPU.ActiveCfg = Release|Any CPU
		{B0EDE959-8D01-4410-90A4-33F310905C2A}.Release|Any CPU.Build.0 = Release|Any CPU
		{D5981A18-AB15-48F1-BE89-21A60F948AB8}.Debug|Any CPU.ActiveCfg = Debug|Any CPU
		{D5981A18-AB15-48F1-BE89-21A60F948AB8}.Debug|Any CPU.Build.0 = Debug|Any CPU
		{D5981A18-AB15-48F1-BE89-21A60F948AB8}.Release|Any CPU.ActiveCfg = Release|Any CPU
		{D5981A18-AB15-48F1-BE89-21A60F948AB8}.Release|Any CPU.Build.0 = Release|Any CPU
		{035AE4C9-82E9-4D34-8BED-CAA3D973B5A1}.Debug|Any CPU.ActiveCfg = Debug|Any CPU
		{035AE4C9-82E9-4D34-8BED-CAA3D973B5A1}.Debug|Any CPU.Build.0 = Debug|Any CPU
		{035AE4C9-82E9-4D34-8BED-CAA3D973B5A1}.Release|Any CPU.ActiveCfg = Release|Any CPU
		{035AE4C9-82E9-4D34-8BED-CAA3D973B5A1}.Release|Any CPU.Build.0 = Release|Any CPU
	EndGlobalSection
	GlobalSection(NestedProjects) = preSolution
		{A0D6EF06-2713-4213-B9A8-538E7FEC7389} = {247E3B51-EE6B-4D08-86ED-630C5934ECC3}
		{16CBE128-9CA8-4D04-B32C-50CF8A99FFE8} = {247E3B51-EE6B-4D08-86ED-630C5934ECC3}
		{BEC51FA2-6FC6-42DD-9D38-A797DD027D22} = {6F7765AC-484B-4533-B4BC-02461EE4EF11}
		{1992A5DB-6DC3-42D4-99DB-8D1EA5E1B24D} = {6F7765AC-484B-4533-B4BC-02461EE4EF11}
		{9762F147-A201-4321-9463-25AC7B5304A3} = {3B8EC6CB-8151-4EA4-A304-67599591A861}
		{B81F834F-3AF0-48F9-AA60-D59567998E5A} = {3B8EC6CB-8151-4EA4-A304-67599591A861}
		{41D40D0D-8CEF-4FF4-AFBB-4FCD4DBB2658} = {FF8A1636-6471-4224-B1A1-BD8B1A1DAFED}
		{B26605DE-ED3C-4874-9274-E4CDF8D99CE7} = {FF8A1636-6471-4224-B1A1-BD8B1A1DAFED}
		{B0861AC7-7CD1-4C64-BBDC-2602CA159B4A} = {66781638-8E45-4AFB-A1A2-58FCB45F1DB8}
		{C96F3328-E719-4B9D-B45B-41565F6AA40A} = {66781638-8E45-4AFB-A1A2-58FCB45F1DB8}
		{A84B10B7-E29D-4EB6-AAA4-A1C058F29DA8} = {521B2393-9ABA-4105-97E3-DC46CA1BB295}
		{1CC1FFAA-39D1-4B24-9AE2-4B3031B0D951} = {521B2393-9ABA-4105-97E3-DC46CA1BB295}
		{462C82AC-EA4B-4EAD-9782-54D83C9B1383} = {02A257EA-1576-4A17-82AB-806FDE2B6D7B}
		{2170628A-3211-4B9F-AE20-555536FF348C} = {02A257EA-1576-4A17-82AB-806FDE2B6D7B}
		{44351064-BD6E-4EC2-9DAF-84B0ADD34EF8} = {38496EDD-2C4E-4FC5-B545-66D5D2970EE8}
		{675C6407-C6E3-4AA6-80F5-4F412114B22F} = {38496EDD-2C4E-4FC5-B545-66D5D2970EE8}
		{64A3BAA8-00FA-4962-AE7F-C1FFECDB13A1} = {871296B8-39F1-46D2-B21C-7AB426A547EC}
		{DDF56328-4A6A-4123-BB10-92CEEF9F53DF} = {871296B8-39F1-46D2-B21C-7AB426A547EC}
		{3D88E9AF-B23F-4E75-959D-9E6C7E00AF01} = {F1C3BB07-553D-4570-8606-A6EE8A146A90}
		{05048FCA-A996-4003-9B08-43F1CF32526A} = {F1C3BB07-553D-4570-8606-A6EE8A146A90}
		{54A2A8AB-258A-4310-8CDD-FB0C9D27EF71} = {99D804C5-BED8-4B15-A03C-91772793EC6F}
		{95E89964-1D39-4889-9B35-7B1CD357D53B} = {99D804C5-BED8-4B15-A03C-91772793EC6F}
		{A1E97315-199D-424B-8C15-C38C74B8065B} = {D048FF34-3CDB-4BC5-AD08-3CEF3E93ECEE}
		{2C0EE8E5-B117-4312-BAF0-F57E504C0CA7} = {D048FF34-3CDB-4BC5-AD08-3CEF3E93ECEE}
		{E88ADCE8-4983-421B-ABAB-83CE75092B44} = {607C6939-E540-4EE9-9E0C-D564CC2CBE06}
		{225593DE-AF95-4078-83D2-F2DDF0C3AAD6} = {607C6939-E540-4EE9-9E0C-D564CC2CBE06}
		{B35789A3-C0AB-4B58-B609-C561EA512BAC} = {7098049C-0F79-444C-8C38-94AF79C50E0F}
		{CDD5390D-0B54-4A88-A86F-97633FA1BF4D} = {7098049C-0F79-444C-8C38-94AF79C50E0F}
		{1B247C2C-8ACF-46C3-B043-6148BE8571BE} = {C2072BC8-F949-4510-868C-8D3A162C2C96}
		{7F252DE3-0EA7-4AC7-BBBF-3D86490645FD} = {C2072BC8-F949-4510-868C-8D3A162C2C96}
		{CBAFEFE7-92DD-48A6-AEAD-C2894D658BB7} = {2E7EAA82-927E-489F-938D-DC96D8DB07EF}
		{3EF48EAF-BF7E-4C17-9D43-56C58DF241C6} = {2E7EAA82-927E-489F-938D-DC96D8DB07EF}
		{9F2406FB-C1FB-4260-BAF7-D7BE528C1EDC} = {0DA83E9C-A8D6-4D38-AE48-D4BEC8B186D3}
		{F92035F9-57F0-4318-88B2-988B5EA7265B} = {0DA83E9C-A8D6-4D38-AE48-D4BEC8B186D3}
		{DD9DDA46-47AC-45F3-9F16-B8141B4D5E81} = {663DDA7A-B723-4C23-B9DC-50038F253B7C}
		{F4808868-4E34-4EF7-B559-154232A32194} = {663DDA7A-B723-4C23-B9DC-50038F253B7C}
		{F5C2536C-DF11-4BD4-A618-61A95DD9FB51} = {E8DEFEA4-0B60-4053-B70F-B5D3B6D603E2}
		{51E754F3-FB26-46C8-86BC-A80334EE7A53} = {E8DEFEA4-0B60-4053-B70F-B5D3B6D603E2}
		{79B32551-49CD-435C-BB1A-C3106BFF8A9F} = {FA34A943-A030-4DD1-936B-BCF71F41F48B}
		{AD68392B-F2FD-422F-88D2-917942A45E66} = {FA34A943-A030-4DD1-936B-BCF71F41F48B}
		{25FD3207-0175-4B3D-928B-CDC99E5A9974} = {1CFBB98F-80D0-4BA0-BAAC-EFF089745848}
		{A2E33031-2254-4111-8FC7-C329EB777167} = {1CFBB98F-80D0-4BA0-BAAC-EFF089745848}
		{63054FC4-B041-4ED8-A2E6-C89F3493666F} = {515728CA-F2BB-4F2C-A76E-B7B0AAEE92A2}
		{5E19A612-62A7-49C0-B3D2-12A69601F2F4} = {515728CA-F2BB-4F2C-A76E-B7B0AAEE92A2}
		{20559109-A70A-43FC-A9FC-17933CBAE841} = {CFA90A32-25A9-44CC-8505-3EE35176BD75}
		{9CBCBFFD-8DAE-43D5-A2F7-7A2A4B1CD32A} = {CFA90A32-25A9-44CC-8505-3EE35176BD75}
		{2B7710EE-30F2-483E-A808-713978910308} = {29B33798-F898-4269-A4A9-A810BDCD5458}
		{5582302B-C097-4C81-ADD5-4837EB3A3B03} = {29B33798-F898-4269-A4A9-A810BDCD5458}
		{92502489-EF52-4612-B402-11AEE53AE634} = {F6187223-03AD-4743-B247-9BEA88027D0B}
		{E4D5E2E5-A17B-47BB-96CA-646DA550B9CC} = {F6187223-03AD-4743-B247-9BEA88027D0B}
		{6D3D9F9E-BEDD-43F3-A839-F82B86CFD7D9} = {16303071-392D-4D70-91D0-51EB11912CDE}
		{08793709-A6D1-4571-8674-CE1B7B53346B} = {16303071-392D-4D70-91D0-51EB11912CDE}
		{89FCBEDD-34DA-407A-A433-895AE096C657} = {EA2C4E68-087E-47AA-A659-0B784C3C3EB0}
		{7C8F185E-3538-4471-9225-0C27424EEBF9} = {EA2C4E68-087E-47AA-A659-0B784C3C3EB0}
		{4C8FE112-1C4F-40C5-9EF4-505CE45162F4} = {77EAA864-59AD-4A9B-99A7-43AEC4368960}
		{EA0ADB38-443F-4B29-A72D-667739050407} = {77EAA864-59AD-4A9B-99A7-43AEC4368960}
		{1D2F8497-6C1E-4170-B27F-4627EFE835A3} = {D8ECEFEE-29BD-4B5F-8C09-6180E8A0ACF1}
		{2CCDF63C-C6D9-4EB8-8AA9-E49AD4E486D1} = {D8ECEFEE-29BD-4B5F-8C09-6180E8A0ACF1}
		{F56B6811-EB77-46B8-968D-6D1AC3981012} = {9B55333D-DAE7-476E-BAEF-634CC27ECEDE}
		{E80CF06D-8A78-4549-9339-F226433F09A0} = {9B55333D-DAE7-476E-BAEF-634CC27ECEDE}
		{B0EDE959-8D01-4410-90A4-33F310905C2A} = {B895A21F-6853-4389-AE96-B4F3522B6B01}
		{D5981A18-AB15-48F1-BE89-21A60F948AB8} = {B895A21F-6853-4389-AE96-B4F3522B6B01}
		{035AE4C9-82E9-4D34-8BED-CAA3D973B5A1} = {B895A21F-6853-4389-AE96-B4F3522B6B01}
	EndGlobalSection
EndGlobal
