
Microsoft Visual Studio Solution File, Format Version 12.00
# Visual Studio Version 17
VisualStudioVersion = 17.0.31903.59
MinimumVisualStudioVersion = 10.0.40219.1
Project("{2150E333-8FDC-42A3-9474-1A3956D46DE8}") = "101", "101", "{E354A7C4-8A67-4E5A-A31A-8D611889B4B4}"
EndProject
Project("{FAE04EC0-301F-11D3-BF4B-00C04F79EFBC}") = "Rockaway.WebApp", "101\Rockaway\Rockaway.WebApp\Rockaway.WebApp.csproj", "{9317C185-25A5-483A-8734-8E0BBF8F1574}"
EndProject
Project("{FAE04EC0-301F-11D3-BF4B-00C04F79EFBC}") = "Rockaway.WebApp.Tests", "101\Rockaway\Rockaway.WebApp.Tests\Rockaway.WebApp.Tests.csproj", "{3533187C-C8A7-49C1-9D83-F6CF81011360}"
EndProject
Project("{2150E333-8FDC-42A3-9474-1A3956D46DE8}") = "102", "102", "{64F92835-E381-4CDC-B20A-F0C42CF54EB9}"
EndProject
Project("{FAE04EC0-301F-11D3-BF4B-00C04F79EFBC}") = "Rockaway.WebApp", "102\Rockaway\Rockaway.WebApp\Rockaway.WebApp.csproj", "{EE571F43-7552-4CAC-B7BD-9C2A61E8B439}"
EndProject
Project("{FAE04EC0-301F-11D3-BF4B-00C04F79EFBC}") = "Rockaway.WebApp.Tests", "102\Rockaway\Rockaway.WebApp.Tests\Rockaway.WebApp.Tests.csproj", "{9BB5A65F-0C6A-4C21-B82B-A6D50F88388C}"
EndProject
Project("{2150E333-8FDC-42A3-9474-1A3956D46DE8}") = "103", "103", "{D249BBBD-984C-44B2-A532-006378F97008}"
EndProject
Project("{FAE04EC0-301F-11D3-BF4B-00C04F79EFBC}") = "Rockaway.WebApp", "103\Rockaway\Rockaway.WebApp\Rockaway.WebApp.csproj", "{4180AF10-6538-452A-97E0-8A2CFAE73045}"
EndProject
Project("{FAE04EC0-301F-11D3-BF4B-00C04F79EFBC}") = "Rockaway.WebApp.Tests", "103\Rockaway\Rockaway.WebApp.Tests\Rockaway.WebApp.Tests.csproj", "{33691FDE-5295-4884-8FAA-64C2A8FCF5FB}"
EndProject
Project("{2150E333-8FDC-42A3-9474-1A3956D46DE8}") = "200", "200", "{E523C823-9E76-4EA6-97B5-1D1BB53511F1}"
EndProject
Project("{FAE04EC0-301F-11D3-BF4B-00C04F79EFBC}") = "Rockaway.WebApp", "200\Rockaway\Rockaway.WebApp\Rockaway.WebApp.csproj", "{62DC4E26-C604-4710-BD56-B3A14B9DE674}"
EndProject
Project("{FAE04EC0-301F-11D3-BF4B-00C04F79EFBC}") = "Rockaway.WebApp.Tests", "200\Rockaway\Rockaway.WebApp.Tests\Rockaway.WebApp.Tests.csproj", "{1FAD9E07-3CF3-4315-9C08-11C1DDE0BC76}"
EndProject
Project("{2150E333-8FDC-42A3-9474-1A3956D46DE8}") = "201", "201", "{4694696F-D3DC-4FC7-AE64-0F3EB16125D7}"
EndProject
Project("{FAE04EC0-301F-11D3-BF4B-00C04F79EFBC}") = "Rockaway.WebApp", "201\Rockaway\Rockaway.WebApp\Rockaway.WebApp.csproj", "{0F638F4B-FA01-4D7C-A697-CB2A4455D963}"
EndProject
Project("{FAE04EC0-301F-11D3-BF4B-00C04F79EFBC}") = "Rockaway.WebApp.Tests", "201\Rockaway\Rockaway.WebApp.Tests\Rockaway.WebApp.Tests.csproj", "{EC8EEC1B-D1BA-4680-9B4A-A5E8D45CE7B4}"
EndProject
Project("{2150E333-8FDC-42A3-9474-1A3956D46DE8}") = "202", "202", "{747C304F-8FE7-4652-9D1E-1D0D75F38B78}"
EndProject
Project("{FAE04EC0-301F-11D3-BF4B-00C04F79EFBC}") = "Rockaway.WebApp", "202\Rockaway\Rockaway.WebApp\Rockaway.WebApp.csproj", "{ACDA0910-B090-4989-8289-5195383B3DFE}"
EndProject
Project("{FAE04EC0-301F-11D3-BF4B-00C04F79EFBC}") = "Rockaway.WebApp.Tests", "202\Rockaway\Rockaway.WebApp.Tests\Rockaway.WebApp.Tests.csproj", "{F32D2C80-BAB3-4E27-86BB-649F9E57F2E4}"
EndProject
Project("{2150E333-8FDC-42A3-9474-1A3956D46DE8}") = "300", "300", "{C36603CA-7B46-4EC3-9520-A2158D030D14}"
EndProject
Project("{FAE04EC0-301F-11D3-BF4B-00C04F79EFBC}") = "Rockaway.WebApp", "300\Rockaway\Rockaway.WebApp\Rockaway.WebApp.csproj", "{D3487572-B44C-45E9-9A7A-70A0BD6BEB64}"
EndProject
Project("{FAE04EC0-301F-11D3-BF4B-00C04F79EFBC}") = "Rockaway.WebApp.Tests", "300\Rockaway\Rockaway.WebApp.Tests\Rockaway.WebApp.Tests.csproj", "{BB36F3C2-146A-48C8-9ACC-2FF9B722FF11}"
EndProject
Project("{2150E333-8FDC-42A3-9474-1A3956D46DE8}") = "301", "301", "{694AE841-EBEA-4388-933F-E6B5848F1257}"
EndProject
Project("{FAE04EC0-301F-11D3-BF4B-00C04F79EFBC}") = "Rockaway.WebApp", "301\Rockaway\Rockaway.WebApp\Rockaway.WebApp.csproj", "{E1A6A507-9448-43BC-84CD-F126967ACF5E}"
EndProject
Project("{FAE04EC0-301F-11D3-BF4B-00C04F79EFBC}") = "Rockaway.WebApp.Tests", "301\Rockaway\Rockaway.WebApp.Tests\Rockaway.WebApp.Tests.csproj", "{4F52F4C8-C734-4391-BF4C-2C8289E8F6EA}"
EndProject
Project("{2150E333-8FDC-42A3-9474-1A3956D46DE8}") = "302", "302", "{FD6FC277-1815-47B6-B718-6734845E925C}"
EndProject
Project("{FAE04EC0-301F-11D3-BF4B-00C04F79EFBC}") = "Rockaway.WebApp", "302\Rockaway\Rockaway.WebApp\Rockaway.WebApp.csproj", "{8FFF1C70-4DE5-40E3-A9C3-4877B3FBBD75}"
EndProject
Project("{FAE04EC0-301F-11D3-BF4B-00C04F79EFBC}") = "Rockaway.WebApp.Tests", "302\Rockaway\Rockaway.WebApp.Tests\Rockaway.WebApp.Tests.csproj", "{7BFC6816-9344-4796-A93B-0384747D7A29}"
EndProject
Project("{2150E333-8FDC-42A3-9474-1A3956D46DE8}") = "303", "303", "{927668FD-90C4-4F10-A8E4-A0A09FB90553}"
EndProject
Project("{FAE04EC0-301F-11D3-BF4B-00C04F79EFBC}") = "Rockaway.WebApp", "303\Rockaway\Rockaway.WebApp\Rockaway.WebApp.csproj", "{445F28CB-ACF0-4B28-9059-3FF33C6A4A1D}"
EndProject
Project("{FAE04EC0-301F-11D3-BF4B-00C04F79EFBC}") = "Rockaway.WebApp.Tests", "303\Rockaway\Rockaway.WebApp.Tests\Rockaway.WebApp.Tests.csproj", "{CE862492-A3B0-46F3-8C79-19C780A8C639}"
EndProject
Project("{2150E333-8FDC-42A3-9474-1A3956D46DE8}") = "304", "304", "{AA7F61AF-E7A5-45D7-AF1C-99DE05863788}"
EndProject
Project("{FAE04EC0-301F-11D3-BF4B-00C04F79EFBC}") = "Rockaway.WebApp", "304\Rockaway\Rockaway.WebApp\Rockaway.WebApp.csproj", "{3E61C1CF-FEB7-4960-A8E8-8136DB8276DB}"
EndProject
Project("{FAE04EC0-301F-11D3-BF4B-00C04F79EFBC}") = "Rockaway.WebApp.Tests", "304\Rockaway\Rockaway.WebApp.Tests\Rockaway.WebApp.Tests.csproj", "{441A0572-565B-485C-8DB5-47F29CF8DD13}"
EndProject
Project("{2150E333-8FDC-42A3-9474-1A3956D46DE8}") = "305", "305", "{E24007FE-726A-46FF-8B32-04AB2F61AD22}"
EndProject
Project("{FAE04EC0-301F-11D3-BF4B-00C04F79EFBC}") = "Rockaway.WebApp", "305\Rockaway\Rockaway.WebApp\Rockaway.WebApp.csproj", "{7EC409E6-C3B8-4379-AF15-1F6A833364BA}"
EndProject
Project("{FAE04EC0-301F-11D3-BF4B-00C04F79EFBC}") = "Rockaway.WebApp.Tests", "305\Rockaway\Rockaway.WebApp.Tests\Rockaway.WebApp.Tests.csproj", "{71BBE059-B7BC-42DD-93EB-7B86020CE27F}"
EndProject
Project("{2150E333-8FDC-42A3-9474-1A3956D46DE8}") = "400", "400", "{97170AD5-C3DB-40C6-BFEA-D34EA86B3788}"
EndProject
Project("{FAE04EC0-301F-11D3-BF4B-00C04F79EFBC}") = "Rockaway.WebApp", "400\Rockaway\Rockaway.WebApp\Rockaway.WebApp.csproj", "{5BA8715A-4C0C-4F9C-A148-2F0642C64782}"
EndProject
Project("{FAE04EC0-301F-11D3-BF4B-00C04F79EFBC}") = "Rockaway.WebApp.Tests", "400\Rockaway\Rockaway.WebApp.Tests\Rockaway.WebApp.Tests.csproj", "{05F9894B-BDA3-4AD3-A93A-6E8FBF992C55}"
EndProject
Project("{2150E333-8FDC-42A3-9474-1A3956D46DE8}") = "401", "401", "{F45FEDA8-4FF2-4195-AEF7-D7993E665C0A}"
EndProject
Project("{FAE04EC0-301F-11D3-BF4B-00C04F79EFBC}") = "Rockaway.WebApp", "401\Rockaway\Rockaway.WebApp\Rockaway.WebApp.csproj", "{3B08FFCF-6AF6-4878-9780-78A03FBA0647}"
EndProject
Project("{FAE04EC0-301F-11D3-BF4B-00C04F79EFBC}") = "Rockaway.WebApp.Tests", "401\Rockaway\Rockaway.WebApp.Tests\Rockaway.WebApp.Tests.csproj", "{E957D077-00AD-417B-8C64-C9936F083385}"
EndProject
Project("{2150E333-8FDC-42A3-9474-1A3956D46DE8}") = "402", "402", "{24D46D36-C814-4031-BBFA-8ECCC3742B38}"
EndProject
Project("{FAE04EC0-301F-11D3-BF4B-00C04F79EFBC}") = "Rockaway.WebApp", "402\Rockaway\Rockaway.WebApp\Rockaway.WebApp.csproj", "{7135D93E-CC04-49AF-BB52-85F3BC53CC7E}"
EndProject
Project("{FAE04EC0-301F-11D3-BF4B-00C04F79EFBC}") = "Rockaway.WebApp.Tests", "402\Rockaway\Rockaway.WebApp.Tests\Rockaway.WebApp.Tests.csproj", "{22007B7E-2CB2-438A-9CC6-962C9D7E5BD1}"
EndProject
Project("{2150E333-8FDC-42A3-9474-1A3956D46DE8}") = "500", "500", "{7FA21280-3827-4618-826B-29FDE66ED4C4}"
EndProject
Project("{FAE04EC0-301F-11D3-BF4B-00C04F79EFBC}") = "Rockaway.WebApp", "500\Rockaway\Rockaway.WebApp\Rockaway.WebApp.csproj", "{B8B4C7C8-02B9-4FB4-9B1A-8400DF85005D}"
EndProject
Project("{FAE04EC0-301F-11D3-BF4B-00C04F79EFBC}") = "Rockaway.WebApp.Tests", "500\Rockaway\Rockaway.WebApp.Tests\Rockaway.WebApp.Tests.csproj", "{760DCFEE-ACC8-476A-BFB3-6598B0712F70}"
EndProject
Project("{2150E333-8FDC-42A3-9474-1A3956D46DE8}") = "501", "501", "{B61CD41D-26C4-4396-A4E2-9AB3D114FD9D}"
EndProject
Project("{FAE04EC0-301F-11D3-BF4B-00C04F79EFBC}") = "Rockaway.WebApp", "501\Rockaway\Rockaway.WebApp\Rockaway.WebApp.csproj", "{03ED1D23-25C6-48EA-A330-8B616D2B11C3}"
EndProject
Project("{FAE04EC0-301F-11D3-BF4B-00C04F79EFBC}") = "Rockaway.WebApp.Tests", "501\Rockaway\Rockaway.WebApp.Tests\Rockaway.WebApp.Tests.csproj", "{FD6CF111-23C6-4C6F-B525-7C958B5DFE55}"
EndProject
Project("{2150E333-8FDC-42A3-9474-1A3956D46DE8}") = "502", "502", "{D1BFF256-0608-4BEB-8DDA-15C20ED44EA4}"
EndProject
Project("{FAE04EC0-301F-11D3-BF4B-00C04F79EFBC}") = "Rockaway.WebApp", "502\Rockaway\Rockaway.WebApp\Rockaway.WebApp.csproj", "{AF815C81-7729-42D6-868A-8E0489D8C240}"
EndProject
Project("{FAE04EC0-301F-11D3-BF4B-00C04F79EFBC}") = "Rockaway.WebApp.Tests", "502\Rockaway\Rockaway.WebApp.Tests\Rockaway.WebApp.Tests.csproj", "{641A3B29-F87B-4D3A-BF2D-F049749B9727}"
EndProject
Project("{2150E333-8FDC-42A3-9474-1A3956D46DE8}") = "503", "503", "{AFFB3C91-65BA-4FD1-965A-13F347CB1C7B}"
EndProject
Project("{FAE04EC0-301F-11D3-BF4B-00C04F79EFBC}") = "Rockaway.WebApp", "503\Rockaway\Rockaway.WebApp\Rockaway.WebApp.csproj", "{F06232DA-0F44-48A9-BB23-B4E03321812D}"
EndProject
Project("{FAE04EC0-301F-11D3-BF4B-00C04F79EFBC}") = "Rockaway.WebApp.Tests", "503\Rockaway\Rockaway.WebApp.Tests\Rockaway.WebApp.Tests.csproj", "{0B8189A8-B2B1-4B69-8BA7-5CBC55C7A368}"
EndProject
Project("{2150E333-8FDC-42A3-9474-1A3956D46DE8}") = "504", "504", "{7E8909A7-5425-422D-BEC3-5FA79718571A}"
EndProject
Project("{FAE04EC0-301F-11D3-BF4B-00C04F79EFBC}") = "Rockaway.WebApp", "504\Rockaway\Rockaway.WebApp\Rockaway.WebApp.csproj", "{37E3A169-DE5C-457A-80B8-D06A2A0F440F}"
EndProject
Project("{FAE04EC0-301F-11D3-BF4B-00C04F79EFBC}") = "Rockaway.WebApp.Tests", "504\Rockaway\Rockaway.WebApp.Tests\Rockaway.WebApp.Tests.csproj", "{3239A5A1-A4E8-4D06-9AAF-ECDD734107E7}"
EndProject
Project("{2150E333-8FDC-42A3-9474-1A3956D46DE8}") = "505", "505", "{223753D2-BFF6-4963-A9A9-B6E7BC620B34}"
EndProject
Project("{FAE04EC0-301F-11D3-BF4B-00C04F79EFBC}") = "Rockaway.WebApp", "505\Rockaway\Rockaway.WebApp\Rockaway.WebApp.csproj", "{86AB4B1E-6D5C-4169-B94A-DAE1DC95A2E4}"
EndProject
Project("{FAE04EC0-301F-11D3-BF4B-00C04F79EFBC}") = "Rockaway.WebApp.Tests", "505\Rockaway\Rockaway.WebApp.Tests\Rockaway.WebApp.Tests.csproj", "{1F1458A1-EAA6-4A7C-BE65-77202302D90C}"
EndProject
Project("{2150E333-8FDC-42A3-9474-1A3956D46DE8}") = "506", "506", "{3DB053A3-A6AB-4185-BFDB-416D60E2D81D}"
EndProject
Project("{FAE04EC0-301F-11D3-BF4B-00C04F79EFBC}") = "Rockaway.WebApp", "506\Rockaway\Rockaway.WebApp\Rockaway.WebApp.csproj", "{E9C13627-714A-4921-A03D-FDD50EE2D060}"
EndProject
Project("{FAE04EC0-301F-11D3-BF4B-00C04F79EFBC}") = "Rockaway.WebApp.Tests", "506\Rockaway\Rockaway.WebApp.Tests\Rockaway.WebApp.Tests.csproj", "{D8FB328B-68D8-47E9-8F84-F2350545FE95}"
EndProject
Project("{2150E333-8FDC-42A3-9474-1A3956D46DE8}") = "507", "507", "{E09E6EEC-F534-4E25-A06C-C1B62B900692}"
EndProject
Project("{FAE04EC0-301F-11D3-BF4B-00C04F79EFBC}") = "Rockaway.WebApp", "507\Rockaway\Rockaway.WebApp\Rockaway.WebApp.csproj", "{82B1A064-004F-4083-9ECB-6AA40AB8F28A}"
EndProject
Project("{FAE04EC0-301F-11D3-BF4B-00C04F79EFBC}") = "Rockaway.WebApp.Tests", "507\Rockaway\Rockaway.WebApp.Tests\Rockaway.WebApp.Tests.csproj", "{970F894D-1BBB-40C1-94FD-E9B5A0DCF576}"
EndProject
Project("{2150E333-8FDC-42A3-9474-1A3956D46DE8}") = "508", "508", "{C211A9BF-2C81-4487-8594-8B98C6101B3C}"
EndProject
Project("{FAE04EC0-301F-11D3-BF4B-00C04F79EFBC}") = "Rockaway.WebApp", "508\Rockaway\Rockaway.WebApp\Rockaway.WebApp.csproj", "{18E6391F-A721-40AE-A30B-9C1DD4DA0041}"
EndProject
Project("{FAE04EC0-301F-11D3-BF4B-00C04F79EFBC}") = "Rockaway.WebApp.Tests", "508\Rockaway\Rockaway.WebApp.Tests\Rockaway.WebApp.Tests.csproj", "{64F3C7D6-06A9-4445-9E97-14CF836F7A46}"
EndProject
Project("{2150E333-8FDC-42A3-9474-1A3956D46DE8}") = "509", "509", "{1BCEC64A-E070-4E44-BE0B-8FCBBEA55CED}"
EndProject
Project("{FAE04EC0-301F-11D3-BF4B-00C04F79EFBC}") = "Rockaway.WebApp", "509\Rockaway\Rockaway.WebApp\Rockaway.WebApp.csproj", "{4F89EF38-3029-40E4-BFA2-1F74D31463E3}"
EndProject
Project("{FAE04EC0-301F-11D3-BF4B-00C04F79EFBC}") = "Rockaway.WebApp.Tests", "509\Rockaway\Rockaway.WebApp.Tests\Rockaway.WebApp.Tests.csproj", "{A8EECE1A-9A6B-403A-BEC2-B26705EA5A90}"
EndProject
Project("{2150E333-8FDC-42A3-9474-1A3956D46DE8}") = "510", "510", "{7523F6D0-3301-4DBB-8344-7761E65E28D5}"
EndProject
Project("{FAE04EC0-301F-11D3-BF4B-00C04F79EFBC}") = "Rockaway.WebApp", "510\Rockaway\Rockaway.WebApp\Rockaway.WebApp.csproj", "{E63E6C3F-5F8D-4FB0-A292-0AF80FD80044}"
EndProject
Project("{FAE04EC0-301F-11D3-BF4B-00C04F79EFBC}") = "Rockaway.WebApp.Tests", "510\Rockaway\Rockaway.WebApp.Tests\Rockaway.WebApp.Tests.csproj", "{8A84027E-419F-472C-A3E1-33D3F1767643}"
EndProject
Project("{2150E333-8FDC-42A3-9474-1A3956D46DE8}") = "600", "600", "{DC480D86-8B0C-4C5E-9444-7F3669D2AB0B}"
EndProject
Project("{FAE04EC0-301F-11D3-BF4B-00C04F79EFBC}") = "Rockaway.WebApp", "600\Rockaway\Rockaway.WebApp\Rockaway.WebApp.csproj", "{DFDA37EA-F72E-4296-B757-4C86F3E534DF}"
EndProject
Project("{FAE04EC0-301F-11D3-BF4B-00C04F79EFBC}") = "Rockaway.WebApp.Tests", "600\Rockaway\Rockaway.WebApp.Tests\Rockaway.WebApp.Tests.csproj", "{4909415D-D45C-4CBC-8381-330E92BAAC54}"
EndProject
Project("{2150E333-8FDC-42A3-9474-1A3956D46DE8}") = "601", "601", "{DA7C06F9-F616-46DD-99AE-EEC8849B8BBE}"
EndProject
Project("{FAE04EC0-301F-11D3-BF4B-00C04F79EFBC}") = "Rockaway.WebApp", "601\Rockaway\Rockaway.WebApp\Rockaway.WebApp.csproj", "{23C255EC-6044-46A7-8A83-A09459186A95}"
EndProject
Project("{FAE04EC0-301F-11D3-BF4B-00C04F79EFBC}") = "Rockaway.WebApp.Tests", "601\Rockaway\Rockaway.WebApp.Tests\Rockaway.WebApp.Tests.csproj", "{862B9C25-31BA-44D0-A86D-CD1C598BF040}"
EndProject
Project("{2150E333-8FDC-42A3-9474-1A3956D46DE8}") = "700", "700", "{99348509-6B81-4100-9F4A-49F2A879DEB0}"
EndProject
Project("{FAE04EC0-301F-11D3-BF4B-00C04F79EFBC}") = "Rockaway.WebApp", "700\Rockaway\Rockaway.WebApp\Rockaway.WebApp.csproj", "{0E409535-2AD6-452F-84FC-E44327164B2A}"
EndProject
Project("{FAE04EC0-301F-11D3-BF4B-00C04F79EFBC}") = "Rockaway.WebApp.Tests", "700\Rockaway\Rockaway.WebApp.Tests\Rockaway.WebApp.Tests.csproj", "{F3959196-D283-46B1-85CA-42AB301B9D19}"
EndProject
Global
	GlobalSection(SolutionConfigurationPlatforms) = preSolution
		Debug|Any CPU = Debug|Any CPU
		Release|Any CPU = Release|Any CPU
	EndGlobalSection
	GlobalSection(SolutionProperties) = preSolution
		HideSolutionNode = FALSE
	EndGlobalSection
	GlobalSection(ProjectConfigurationPlatforms) = postSolution
		{9317C185-25A5-483A-8734-8E0BBF8F1574}.Debug|Any CPU.ActiveCfg = Debug|Any CPU
		{9317C185-25A5-483A-8734-8E0BBF8F1574}.Debug|Any CPU.Build.0 = Debug|Any CPU
		{9317C185-25A5-483A-8734-8E0BBF8F1574}.Release|Any CPU.ActiveCfg = Release|Any CPU
		{9317C185-25A5-483A-8734-8E0BBF8F1574}.Release|Any CPU.Build.0 = Release|Any CPU
		{3533187C-C8A7-49C1-9D83-F6CF81011360}.Debug|Any CPU.ActiveCfg = Debug|Any CPU
		{3533187C-C8A7-49C1-9D83-F6CF81011360}.Debug|Any CPU.Build.0 = Debug|Any CPU
		{3533187C-C8A7-49C1-9D83-F6CF81011360}.Release|Any CPU.ActiveCfg = Release|Any CPU
		{3533187C-C8A7-49C1-9D83-F6CF81011360}.Release|Any CPU.Build.0 = Release|Any CPU
		{EE571F43-7552-4CAC-B7BD-9C2A61E8B439}.Debug|Any CPU.ActiveCfg = Debug|Any CPU
		{EE571F43-7552-4CAC-B7BD-9C2A61E8B439}.Debug|Any CPU.Build.0 = Debug|Any CPU
		{EE571F43-7552-4CAC-B7BD-9C2A61E8B439}.Release|Any CPU.ActiveCfg = Release|Any CPU
		{EE571F43-7552-4CAC-B7BD-9C2A61E8B439}.Release|Any CPU.Build.0 = Release|Any CPU
		{9BB5A65F-0C6A-4C21-B82B-A6D50F88388C}.Debug|Any CPU.ActiveCfg = Debug|Any CPU
		{9BB5A65F-0C6A-4C21-B82B-A6D50F88388C}.Debug|Any CPU.Build.0 = Debug|Any CPU
		{9BB5A65F-0C6A-4C21-B82B-A6D50F88388C}.Release|Any CPU.ActiveCfg = Release|Any CPU
		{9BB5A65F-0C6A-4C21-B82B-A6D50F88388C}.Release|Any CPU.Build.0 = Release|Any CPU
		{4180AF10-6538-452A-97E0-8A2CFAE73045}.Debug|Any CPU.ActiveCfg = Debug|Any CPU
		{4180AF10-6538-452A-97E0-8A2CFAE73045}.Debug|Any CPU.Build.0 = Debug|Any CPU
		{4180AF10-6538-452A-97E0-8A2CFAE73045}.Release|Any CPU.ActiveCfg = Release|Any CPU
		{4180AF10-6538-452A-97E0-8A2CFAE73045}.Release|Any CPU.Build.0 = Release|Any CPU
		{33691FDE-5295-4884-8FAA-64C2A8FCF5FB}.Debug|Any CPU.ActiveCfg = Debug|Any CPU
		{33691FDE-5295-4884-8FAA-64C2A8FCF5FB}.Debug|Any CPU.Build.0 = Debug|Any CPU
		{33691FDE-5295-4884-8FAA-64C2A8FCF5FB}.Release|Any CPU.ActiveCfg = Release|Any CPU
		{33691FDE-5295-4884-8FAA-64C2A8FCF5FB}.Release|Any CPU.Build.0 = Release|Any CPU
		{62DC4E26-C604-4710-BD56-B3A14B9DE674}.Debug|Any CPU.ActiveCfg = Debug|Any CPU
		{62DC4E26-C604-4710-BD56-B3A14B9DE674}.Debug|Any CPU.Build.0 = Debug|Any CPU
		{62DC4E26-C604-4710-BD56-B3A14B9DE674}.Release|Any CPU.ActiveCfg = Release|Any CPU
		{62DC4E26-C604-4710-BD56-B3A14B9DE674}.Release|Any CPU.Build.0 = Release|Any CPU
		{1FAD9E07-3CF3-4315-9C08-11C1DDE0BC76}.Debug|Any CPU.ActiveCfg = Debug|Any CPU
		{1FAD9E07-3CF3-4315-9C08-11C1DDE0BC76}.Debug|Any CPU.Build.0 = Debug|Any CPU
		{1FAD9E07-3CF3-4315-9C08-11C1DDE0BC76}.Release|Any CPU.ActiveCfg = Release|Any CPU
		{1FAD9E07-3CF3-4315-9C08-11C1DDE0BC76}.Release|Any CPU.Build.0 = Release|Any CPU
		{0F638F4B-FA01-4D7C-A697-CB2A4455D963}.Debug|Any CPU.ActiveCfg = Debug|Any CPU
		{0F638F4B-FA01-4D7C-A697-CB2A4455D963}.Debug|Any CPU.Build.0 = Debug|Any CPU
		{0F638F4B-FA01-4D7C-A697-CB2A4455D963}.Release|Any CPU.ActiveCfg = Release|Any CPU
		{0F638F4B-FA01-4D7C-A697-CB2A4455D963}.Release|Any CPU.Build.0 = Release|Any CPU
		{EC8EEC1B-D1BA-4680-9B4A-A5E8D45CE7B4}.Debug|Any CPU.ActiveCfg = Debug|Any CPU
		{EC8EEC1B-D1BA-4680-9B4A-A5E8D45CE7B4}.Debug|Any CPU.Build.0 = Debug|Any CPU
		{EC8EEC1B-D1BA-4680-9B4A-A5E8D45CE7B4}.Release|Any CPU.ActiveCfg = Release|Any CPU
		{EC8EEC1B-D1BA-4680-9B4A-A5E8D45CE7B4}.Release|Any CPU.Build.0 = Release|Any CPU
		{ACDA0910-B090-4989-8289-5195383B3DFE}.Debug|Any CPU.ActiveCfg = Debug|Any CPU
		{ACDA0910-B090-4989-8289-5195383B3DFE}.Debug|Any CPU.Build.0 = Debug|Any CPU
		{ACDA0910-B090-4989-8289-5195383B3DFE}.Release|Any CPU.ActiveCfg = Release|Any CPU
		{ACDA0910-B090-4989-8289-5195383B3DFE}.Release|Any CPU.Build.0 = Release|Any CPU
		{F32D2C80-BAB3-4E27-86BB-649F9E57F2E4}.Debug|Any CPU.ActiveCfg = Debug|Any CPU
		{F32D2C80-BAB3-4E27-86BB-649F9E57F2E4}.Debug|Any CPU.Build.0 = Debug|Any CPU
		{F32D2C80-BAB3-4E27-86BB-649F9E57F2E4}.Release|Any CPU.ActiveCfg = Release|Any CPU
		{F32D2C80-BAB3-4E27-86BB-649F9E57F2E4}.Release|Any CPU.Build.0 = Release|Any CPU
		{D3487572-B44C-45E9-9A7A-70A0BD6BEB64}.Debug|Any CPU.ActiveCfg = Debug|Any CPU
		{D3487572-B44C-45E9-9A7A-70A0BD6BEB64}.Debug|Any CPU.Build.0 = Debug|Any CPU
		{D3487572-B44C-45E9-9A7A-70A0BD6BEB64}.Release|Any CPU.ActiveCfg = Release|Any CPU
		{D3487572-B44C-45E9-9A7A-70A0BD6BEB64}.Release|Any CPU.Build.0 = Release|Any CPU
		{BB36F3C2-146A-48C8-9ACC-2FF9B722FF11}.Debug|Any CPU.ActiveCfg = Debug|Any CPU
		{BB36F3C2-146A-48C8-9ACC-2FF9B722FF11}.Debug|Any CPU.Build.0 = Debug|Any CPU
		{BB36F3C2-146A-48C8-9ACC-2FF9B722FF11}.Release|Any CPU.ActiveCfg = Release|Any CPU
		{BB36F3C2-146A-48C8-9ACC-2FF9B722FF11}.Release|Any CPU.Build.0 = Release|Any CPU
		{E1A6A507-9448-43BC-84CD-F126967ACF5E}.Debug|Any CPU.ActiveCfg = Debug|Any CPU
		{E1A6A507-9448-43BC-84CD-F126967ACF5E}.Debug|Any CPU.Build.0 = Debug|Any CPU
		{E1A6A507-9448-43BC-84CD-F126967ACF5E}.Release|Any CPU.ActiveCfg = Release|Any CPU
		{E1A6A507-9448-43BC-84CD-F126967ACF5E}.Release|Any CPU.Build.0 = Release|Any CPU
		{4F52F4C8-C734-4391-BF4C-2C8289E8F6EA}.Debug|Any CPU.ActiveCfg = Debug|Any CPU
		{4F52F4C8-C734-4391-BF4C-2C8289E8F6EA}.Debug|Any CPU.Build.0 = Debug|Any CPU
		{4F52F4C8-C734-4391-BF4C-2C8289E8F6EA}.Release|Any CPU.ActiveCfg = Release|Any CPU
		{4F52F4C8-C734-4391-BF4C-2C8289E8F6EA}.Release|Any CPU.Build.0 = Release|Any CPU
		{8FFF1C70-4DE5-40E3-A9C3-4877B3FBBD75}.Debug|Any CPU.ActiveCfg = Debug|Any CPU
		{8FFF1C70-4DE5-40E3-A9C3-4877B3FBBD75}.Debug|Any CPU.Build.0 = Debug|Any CPU
		{8FFF1C70-4DE5-40E3-A9C3-4877B3FBBD75}.Release|Any CPU.ActiveCfg = Release|Any CPU
		{8FFF1C70-4DE5-40E3-A9C3-4877B3FBBD75}.Release|Any CPU.Build.0 = Release|Any CPU
		{7BFC6816-9344-4796-A93B-0384747D7A29}.Debug|Any CPU.ActiveCfg = Debug|Any CPU
		{7BFC6816-9344-4796-A93B-0384747D7A29}.Debug|Any CPU.Build.0 = Debug|Any CPU
		{7BFC6816-9344-4796-A93B-0384747D7A29}.Release|Any CPU.ActiveCfg = Release|Any CPU
		{7BFC6816-9344-4796-A93B-0384747D7A29}.Release|Any CPU.Build.0 = Release|Any CPU
		{445F28CB-ACF0-4B28-9059-3FF33C6A4A1D}.Debug|Any CPU.ActiveCfg = Debug|Any CPU
		{445F28CB-ACF0-4B28-9059-3FF33C6A4A1D}.Debug|Any CPU.Build.0 = Debug|Any CPU
		{445F28CB-ACF0-4B28-9059-3FF33C6A4A1D}.Release|Any CPU.ActiveCfg = Release|Any CPU
		{445F28CB-ACF0-4B28-9059-3FF33C6A4A1D}.Release|Any CPU.Build.0 = Release|Any CPU
		{CE862492-A3B0-46F3-8C79-19C780A8C639}.Debug|Any CPU.ActiveCfg = Debug|Any CPU
		{CE862492-A3B0-46F3-8C79-19C780A8C639}.Debug|Any CPU.Build.0 = Debug|Any CPU
		{CE862492-A3B0-46F3-8C79-19C780A8C639}.Release|Any CPU.ActiveCfg = Release|Any CPU
		{CE862492-A3B0-46F3-8C79-19C780A8C639}.Release|Any CPU.Build.0 = Release|Any CPU
		{3E61C1CF-FEB7-4960-A8E8-8136DB8276DB}.Debug|Any CPU.ActiveCfg = Debug|Any CPU
		{3E61C1CF-FEB7-4960-A8E8-8136DB8276DB}.Debug|Any CPU.Build.0 = Debug|Any CPU
		{3E61C1CF-FEB7-4960-A8E8-8136DB8276DB}.Release|Any CPU.ActiveCfg = Release|Any CPU
		{3E61C1CF-FEB7-4960-A8E8-8136DB8276DB}.Release|Any CPU.Build.0 = Release|Any CPU
		{441A0572-565B-485C-8DB5-47F29CF8DD13}.Debug|Any CPU.ActiveCfg = Debug|Any CPU
		{441A0572-565B-485C-8DB5-47F29CF8DD13}.Debug|Any CPU.Build.0 = Debug|Any CPU
		{441A0572-565B-485C-8DB5-47F29CF8DD13}.Release|Any CPU.ActiveCfg = Release|Any CPU
		{441A0572-565B-485C-8DB5-47F29CF8DD13}.Release|Any CPU.Build.0 = Release|Any CPU
		{7EC409E6-C3B8-4379-AF15-1F6A833364BA}.Debug|Any CPU.ActiveCfg = Debug|Any CPU
		{7EC409E6-C3B8-4379-AF15-1F6A833364BA}.Debug|Any CPU.Build.0 = Debug|Any CPU
		{7EC409E6-C3B8-4379-AF15-1F6A833364BA}.Release|Any CPU.ActiveCfg = Release|Any CPU
		{7EC409E6-C3B8-4379-AF15-1F6A833364BA}.Release|Any CPU.Build.0 = Release|Any CPU
		{71BBE059-B7BC-42DD-93EB-7B86020CE27F}.Debug|Any CPU.ActiveCfg = Debug|Any CPU
		{71BBE059-B7BC-42DD-93EB-7B86020CE27F}.Debug|Any CPU.Build.0 = Debug|Any CPU
		{71BBE059-B7BC-42DD-93EB-7B86020CE27F}.Release|Any CPU.ActiveCfg = Release|Any CPU
		{71BBE059-B7BC-42DD-93EB-7B86020CE27F}.Release|Any CPU.Build.0 = Release|Any CPU
		{5BA8715A-4C0C-4F9C-A148-2F0642C64782}.Debug|Any CPU.ActiveCfg = Debug|Any CPU
		{5BA8715A-4C0C-4F9C-A148-2F0642C64782}.Debug|Any CPU.Build.0 = Debug|Any CPU
		{5BA8715A-4C0C-4F9C-A148-2F0642C64782}.Release|Any CPU.ActiveCfg = Release|Any CPU
		{5BA8715A-4C0C-4F9C-A148-2F0642C64782}.Release|Any CPU.Build.0 = Release|Any CPU
		{05F9894B-BDA3-4AD3-A93A-6E8FBF992C55}.Debug|Any CPU.ActiveCfg = Debug|Any CPU
		{05F9894B-BDA3-4AD3-A93A-6E8FBF992C55}.Debug|Any CPU.Build.0 = Debug|Any CPU
		{05F9894B-BDA3-4AD3-A93A-6E8FBF992C55}.Release|Any CPU.ActiveCfg = Release|Any CPU
		{05F9894B-BDA3-4AD3-A93A-6E8FBF992C55}.Release|Any CPU.Build.0 = Release|Any CPU
		{3B08FFCF-6AF6-4878-9780-78A03FBA0647}.Debug|Any CPU.ActiveCfg = Debug|Any CPU
		{3B08FFCF-6AF6-4878-9780-78A03FBA0647}.Debug|Any CPU.Build.0 = Debug|Any CPU
		{3B08FFCF-6AF6-4878-9780-78A03FBA0647}.Release|Any CPU.ActiveCfg = Release|Any CPU
		{3B08FFCF-6AF6-4878-9780-78A03FBA0647}.Release|Any CPU.Build.0 = Release|Any CPU
		{E957D077-00AD-417B-8C64-C9936F083385}.Debug|Any CPU.ActiveCfg = Debug|Any CPU
		{E957D077-00AD-417B-8C64-C9936F083385}.Debug|Any CPU.Build.0 = Debug|Any CPU
		{E957D077-00AD-417B-8C64-C9936F083385}.Release|Any CPU.ActiveCfg = Release|Any CPU
		{E957D077-00AD-417B-8C64-C9936F083385}.Release|Any CPU.Build.0 = Release|Any CPU
		{7135D93E-CC04-49AF-BB52-85F3BC53CC7E}.Debug|Any CPU.ActiveCfg = Debug|Any CPU
		{7135D93E-CC04-49AF-BB52-85F3BC53CC7E}.Debug|Any CPU.Build.0 = Debug|Any CPU
		{7135D93E-CC04-49AF-BB52-85F3BC53CC7E}.Release|Any CPU.ActiveCfg = Release|Any CPU
		{7135D93E-CC04-49AF-BB52-85F3BC53CC7E}.Release|Any CPU.Build.0 = Release|Any CPU
		{22007B7E-2CB2-438A-9CC6-962C9D7E5BD1}.Debug|Any CPU.ActiveCfg = Debug|Any CPU
		{22007B7E-2CB2-438A-9CC6-962C9D7E5BD1}.Debug|Any CPU.Build.0 = Debug|Any CPU
		{22007B7E-2CB2-438A-9CC6-962C9D7E5BD1}.Release|Any CPU.ActiveCfg = Release|Any CPU
		{22007B7E-2CB2-438A-9CC6-962C9D7E5BD1}.Release|Any CPU.Build.0 = Release|Any CPU
		{B8B4C7C8-02B9-4FB4-9B1A-8400DF85005D}.Debug|Any CPU.ActiveCfg = Debug|Any CPU
		{B8B4C7C8-02B9-4FB4-9B1A-8400DF85005D}.Debug|Any CPU.Build.0 = Debug|Any CPU
		{B8B4C7C8-02B9-4FB4-9B1A-8400DF85005D}.Release|Any CPU.ActiveCfg = Release|Any CPU
		{B8B4C7C8-02B9-4FB4-9B1A-8400DF85005D}.Release|Any CPU.Build.0 = Release|Any CPU
		{760DCFEE-ACC8-476A-BFB3-6598B0712F70}.Debug|Any CPU.ActiveCfg = Debug|Any CPU
		{760DCFEE-ACC8-476A-BFB3-6598B0712F70}.Debug|Any CPU.Build.0 = Debug|Any CPU
		{760DCFEE-ACC8-476A-BFB3-6598B0712F70}.Release|Any CPU.ActiveCfg = Release|Any CPU
		{760DCFEE-ACC8-476A-BFB3-6598B0712F70}.Release|Any CPU.Build.0 = Release|Any CPU
		{03ED1D23-25C6-48EA-A330-8B616D2B11C3}.Debug|Any CPU.ActiveCfg = Debug|Any CPU
		{03ED1D23-25C6-48EA-A330-8B616D2B11C3}.Debug|Any CPU.Build.0 = Debug|Any CPU
		{03ED1D23-25C6-48EA-A330-8B616D2B11C3}.Release|Any CPU.ActiveCfg = Release|Any CPU
		{03ED1D23-25C6-48EA-A330-8B616D2B11C3}.Release|Any CPU.Build.0 = Release|Any CPU
		{FD6CF111-23C6-4C6F-B525-7C958B5DFE55}.Debug|Any CPU.ActiveCfg = Debug|Any CPU
		{FD6CF111-23C6-4C6F-B525-7C958B5DFE55}.Debug|Any CPU.Build.0 = Debug|Any CPU
		{FD6CF111-23C6-4C6F-B525-7C958B5DFE55}.Release|Any CPU.ActiveCfg = Release|Any CPU
		{FD6CF111-23C6-4C6F-B525-7C958B5DFE55}.Release|Any CPU.Build.0 = Release|Any CPU
		{AF815C81-7729-42D6-868A-8E0489D8C240}.Debug|Any CPU.ActiveCfg = Debug|Any CPU
		{AF815C81-7729-42D6-868A-8E0489D8C240}.Debug|Any CPU.Build.0 = Debug|Any CPU
		{AF815C81-7729-42D6-868A-8E0489D8C240}.Release|Any CPU.ActiveCfg = Release|Any CPU
		{AF815C81-7729-42D6-868A-8E0489D8C240}.Release|Any CPU.Build.0 = Release|Any CPU
		{641A3B29-F87B-4D3A-BF2D-F049749B9727}.Debug|Any CPU.ActiveCfg = Debug|Any CPU
		{641A3B29-F87B-4D3A-BF2D-F049749B9727}.Debug|Any CPU.Build.0 = Debug|Any CPU
		{641A3B29-F87B-4D3A-BF2D-F049749B9727}.Release|Any CPU.ActiveCfg = Release|Any CPU
		{641A3B29-F87B-4D3A-BF2D-F049749B9727}.Release|Any CPU.Build.0 = Release|Any CPU
		{F06232DA-0F44-48A9-BB23-B4E03321812D}.Debug|Any CPU.ActiveCfg = Debug|Any CPU
		{F06232DA-0F44-48A9-BB23-B4E03321812D}.Debug|Any CPU.Build.0 = Debug|Any CPU
		{F06232DA-0F44-48A9-BB23-B4E03321812D}.Release|Any CPU.ActiveCfg = Release|Any CPU
		{F06232DA-0F44-48A9-BB23-B4E03321812D}.Release|Any CPU.Build.0 = Release|Any CPU
		{0B8189A8-B2B1-4B69-8BA7-5CBC55C7A368}.Debug|Any CPU.ActiveCfg = Debug|Any CPU
		{0B8189A8-B2B1-4B69-8BA7-5CBC55C7A368}.Debug|Any CPU.Build.0 = Debug|Any CPU
		{0B8189A8-B2B1-4B69-8BA7-5CBC55C7A368}.Release|Any CPU.ActiveCfg = Release|Any CPU
		{0B8189A8-B2B1-4B69-8BA7-5CBC55C7A368}.Release|Any CPU.Build.0 = Release|Any CPU
		{37E3A169-DE5C-457A-80B8-D06A2A0F440F}.Debug|Any CPU.ActiveCfg = Debug|Any CPU
		{37E3A169-DE5C-457A-80B8-D06A2A0F440F}.Debug|Any CPU.Build.0 = Debug|Any CPU
		{37E3A169-DE5C-457A-80B8-D06A2A0F440F}.Release|Any CPU.ActiveCfg = Release|Any CPU
		{37E3A169-DE5C-457A-80B8-D06A2A0F440F}.Release|Any CPU.Build.0 = Release|Any CPU
		{3239A5A1-A4E8-4D06-9AAF-ECDD734107E7}.Debug|Any CPU.ActiveCfg = Debug|Any CPU
		{3239A5A1-A4E8-4D06-9AAF-ECDD734107E7}.Debug|Any CPU.Build.0 = Debug|Any CPU
		{3239A5A1-A4E8-4D06-9AAF-ECDD734107E7}.Release|Any CPU.ActiveCfg = Release|Any CPU
		{3239A5A1-A4E8-4D06-9AAF-ECDD734107E7}.Release|Any CPU.Build.0 = Release|Any CPU
		{86AB4B1E-6D5C-4169-B94A-DAE1DC95A2E4}.Debug|Any CPU.ActiveCfg = Debug|Any CPU
		{86AB4B1E-6D5C-4169-B94A-DAE1DC95A2E4}.Debug|Any CPU.Build.0 = Debug|Any CPU
		{86AB4B1E-6D5C-4169-B94A-DAE1DC95A2E4}.Release|Any CPU.ActiveCfg = Release|Any CPU
		{86AB4B1E-6D5C-4169-B94A-DAE1DC95A2E4}.Release|Any CPU.Build.0 = Release|Any CPU
		{1F1458A1-EAA6-4A7C-BE65-77202302D90C}.Debug|Any CPU.ActiveCfg = Debug|Any CPU
		{1F1458A1-EAA6-4A7C-BE65-77202302D90C}.Debug|Any CPU.Build.0 = Debug|Any CPU
		{1F1458A1-EAA6-4A7C-BE65-77202302D90C}.Release|Any CPU.ActiveCfg = Release|Any CPU
		{1F1458A1-EAA6-4A7C-BE65-77202302D90C}.Release|Any CPU.Build.0 = Release|Any CPU
		{E9C13627-714A-4921-A03D-FDD50EE2D060}.Debug|Any CPU.ActiveCfg = Debug|Any CPU
		{E9C13627-714A-4921-A03D-FDD50EE2D060}.Debug|Any CPU.Build.0 = Debug|Any CPU
		{E9C13627-714A-4921-A03D-FDD50EE2D060}.Release|Any CPU.ActiveCfg = Release|Any CPU
		{E9C13627-714A-4921-A03D-FDD50EE2D060}.Release|Any CPU.Build.0 = Release|Any CPU
		{D8FB328B-68D8-47E9-8F84-F2350545FE95}.Debug|Any CPU.ActiveCfg = Debug|Any CPU
		{D8FB328B-68D8-47E9-8F84-F2350545FE95}.Debug|Any CPU.Build.0 = Debug|Any CPU
		{D8FB328B-68D8-47E9-8F84-F2350545FE95}.Release|Any CPU.ActiveCfg = Release|Any CPU
		{D8FB328B-68D8-47E9-8F84-F2350545FE95}.Release|Any CPU.Build.0 = Release|Any CPU
		{82B1A064-004F-4083-9ECB-6AA40AB8F28A}.Debug|Any CPU.ActiveCfg = Debug|Any CPU
		{82B1A064-004F-4083-9ECB-6AA40AB8F28A}.Debug|Any CPU.Build.0 = Debug|Any CPU
		{82B1A064-004F-4083-9ECB-6AA40AB8F28A}.Release|Any CPU.ActiveCfg = Release|Any CPU
		{82B1A064-004F-4083-9ECB-6AA40AB8F28A}.Release|Any CPU.Build.0 = Release|Any CPU
		{970F894D-1BBB-40C1-94FD-E9B5A0DCF576}.Debug|Any CPU.ActiveCfg = Debug|Any CPU
		{970F894D-1BBB-40C1-94FD-E9B5A0DCF576}.Debug|Any CPU.Build.0 = Debug|Any CPU
		{970F894D-1BBB-40C1-94FD-E9B5A0DCF576}.Release|Any CPU.ActiveCfg = Release|Any CPU
		{970F894D-1BBB-40C1-94FD-E9B5A0DCF576}.Release|Any CPU.Build.0 = Release|Any CPU
		{18E6391F-A721-40AE-A30B-9C1DD4DA0041}.Debug|Any CPU.ActiveCfg = Debug|Any CPU
		{18E6391F-A721-40AE-A30B-9C1DD4DA0041}.Debug|Any CPU.Build.0 = Debug|Any CPU
		{18E6391F-A721-40AE-A30B-9C1DD4DA0041}.Release|Any CPU.ActiveCfg = Release|Any CPU
		{18E6391F-A721-40AE-A30B-9C1DD4DA0041}.Release|Any CPU.Build.0 = Release|Any CPU
		{64F3C7D6-06A9-4445-9E97-14CF836F7A46}.Debug|Any CPU.ActiveCfg = Debug|Any CPU
		{64F3C7D6-06A9-4445-9E97-14CF836F7A46}.Debug|Any CPU.Build.0 = Debug|Any CPU
		{64F3C7D6-06A9-4445-9E97-14CF836F7A46}.Release|Any CPU.ActiveCfg = Release|Any CPU
		{64F3C7D6-06A9-4445-9E97-14CF836F7A46}.Release|Any CPU.Build.0 = Release|Any CPU
		{4F89EF38-3029-40E4-BFA2-1F74D31463E3}.Debug|Any CPU.ActiveCfg = Debug|Any CPU
		{4F89EF38-3029-40E4-BFA2-1F74D31463E3}.Debug|Any CPU.Build.0 = Debug|Any CPU
		{4F89EF38-3029-40E4-BFA2-1F74D31463E3}.Release|Any CPU.ActiveCfg = Release|Any CPU
		{4F89EF38-3029-40E4-BFA2-1F74D31463E3}.Release|Any CPU.Build.0 = Release|Any CPU
		{A8EECE1A-9A6B-403A-BEC2-B26705EA5A90}.Debug|Any CPU.ActiveCfg = Debug|Any CPU
		{A8EECE1A-9A6B-403A-BEC2-B26705EA5A90}.Debug|Any CPU.Build.0 = Debug|Any CPU
		{A8EECE1A-9A6B-403A-BEC2-B26705EA5A90}.Release|Any CPU.ActiveCfg = Release|Any CPU
		{A8EECE1A-9A6B-403A-BEC2-B26705EA5A90}.Release|Any CPU.Build.0 = Release|Any CPU
		{E63E6C3F-5F8D-4FB0-A292-0AF80FD80044}.Debug|Any CPU.ActiveCfg = Debug|Any CPU
		{E63E6C3F-5F8D-4FB0-A292-0AF80FD80044}.Debug|Any CPU.Build.0 = Debug|Any CPU
		{E63E6C3F-5F8D-4FB0-A292-0AF80FD80044}.Release|Any CPU.ActiveCfg = Release|Any CPU
		{E63E6C3F-5F8D-4FB0-A292-0AF80FD80044}.Release|Any CPU.Build.0 = Release|Any CPU
		{8A84027E-419F-472C-A3E1-33D3F1767643}.Debug|Any CPU.ActiveCfg = Debug|Any CPU
		{8A84027E-419F-472C-A3E1-33D3F1767643}.Debug|Any CPU.Build.0 = Debug|Any CPU
		{8A84027E-419F-472C-A3E1-33D3F1767643}.Release|Any CPU.ActiveCfg = Release|Any CPU
		{8A84027E-419F-472C-A3E1-33D3F1767643}.Release|Any CPU.Build.0 = Release|Any CPU
		{DFDA37EA-F72E-4296-B757-4C86F3E534DF}.Debug|Any CPU.ActiveCfg = Debug|Any CPU
		{DFDA37EA-F72E-4296-B757-4C86F3E534DF}.Debug|Any CPU.Build.0 = Debug|Any CPU
		{DFDA37EA-F72E-4296-B757-4C86F3E534DF}.Release|Any CPU.ActiveCfg = Release|Any CPU
		{DFDA37EA-F72E-4296-B757-4C86F3E534DF}.Release|Any CPU.Build.0 = Release|Any CPU
		{4909415D-D45C-4CBC-8381-330E92BAAC54}.Debug|Any CPU.ActiveCfg = Debug|Any CPU
		{4909415D-D45C-4CBC-8381-330E92BAAC54}.Debug|Any CPU.Build.0 = Debug|Any CPU
		{4909415D-D45C-4CBC-8381-330E92BAAC54}.Release|Any CPU.ActiveCfg = Release|Any CPU
		{4909415D-D45C-4CBC-8381-330E92BAAC54}.Release|Any CPU.Build.0 = Release|Any CPU
		{23C255EC-6044-46A7-8A83-A09459186A95}.Debug|Any CPU.ActiveCfg = Debug|Any CPU
		{23C255EC-6044-46A7-8A83-A09459186A95}.Debug|Any CPU.Build.0 = Debug|Any CPU
		{23C255EC-6044-46A7-8A83-A09459186A95}.Release|Any CPU.ActiveCfg = Release|Any CPU
		{23C255EC-6044-46A7-8A83-A09459186A95}.Release|Any CPU.Build.0 = Release|Any CPU
		{862B9C25-31BA-44D0-A86D-CD1C598BF040}.Debug|Any CPU.ActiveCfg = Debug|Any CPU
		{862B9C25-31BA-44D0-A86D-CD1C598BF040}.Debug|Any CPU.Build.0 = Debug|Any CPU
		{862B9C25-31BA-44D0-A86D-CD1C598BF040}.Release|Any CPU.ActiveCfg = Release|Any CPU
		{862B9C25-31BA-44D0-A86D-CD1C598BF040}.Release|Any CPU.Build.0 = Release|Any CPU
		{0E409535-2AD6-452F-84FC-E44327164B2A}.Debug|Any CPU.ActiveCfg = Debug|Any CPU
		{0E409535-2AD6-452F-84FC-E44327164B2A}.Debug|Any CPU.Build.0 = Debug|Any CPU
		{0E409535-2AD6-452F-84FC-E44327164B2A}.Release|Any CPU.ActiveCfg = Release|Any CPU
		{0E409535-2AD6-452F-84FC-E44327164B2A}.Release|Any CPU.Build.0 = Release|Any CPU
		{F3959196-D283-46B1-85CA-42AB301B9D19}.Debug|Any CPU.ActiveCfg = Debug|Any CPU
		{F3959196-D283-46B1-85CA-42AB301B9D19}.Debug|Any CPU.Build.0 = Debug|Any CPU
		{F3959196-D283-46B1-85CA-42AB301B9D19}.Release|Any CPU.ActiveCfg = Release|Any CPU
		{F3959196-D283-46B1-85CA-42AB301B9D19}.Release|Any CPU.Build.0 = Release|Any CPU
	EndGlobalSection
	GlobalSection(NestedProjects) = preSolution
		{9317C185-25A5-483A-8734-8E0BBF8F1574} = {E354A7C4-8A67-4E5A-A31A-8D611889B4B4}
		{3533187C-C8A7-49C1-9D83-F6CF81011360} = {E354A7C4-8A67-4E5A-A31A-8D611889B4B4}
		{EE571F43-7552-4CAC-B7BD-9C2A61E8B439} = {64F92835-E381-4CDC-B20A-F0C42CF54EB9}
		{9BB5A65F-0C6A-4C21-B82B-A6D50F88388C} = {64F92835-E381-4CDC-B20A-F0C42CF54EB9}
		{4180AF10-6538-452A-97E0-8A2CFAE73045} = {D249BBBD-984C-44B2-A532-006378F97008}
		{33691FDE-5295-4884-8FAA-64C2A8FCF5FB} = {D249BBBD-984C-44B2-A532-006378F97008}
		{62DC4E26-C604-4710-BD56-B3A14B9DE674} = {E523C823-9E76-4EA6-97B5-1D1BB53511F1}
		{1FAD9E07-3CF3-4315-9C08-11C1DDE0BC76} = {E523C823-9E76-4EA6-97B5-1D1BB53511F1}
		{0F638F4B-FA01-4D7C-A697-CB2A4455D963} = {4694696F-D3DC-4FC7-AE64-0F3EB16125D7}
		{EC8EEC1B-D1BA-4680-9B4A-A5E8D45CE7B4} = {4694696F-D3DC-4FC7-AE64-0F3EB16125D7}
		{ACDA0910-B090-4989-8289-5195383B3DFE} = {747C304F-8FE7-4652-9D1E-1D0D75F38B78}
		{F32D2C80-BAB3-4E27-86BB-649F9E57F2E4} = {747C304F-8FE7-4652-9D1E-1D0D75F38B78}
		{D3487572-B44C-45E9-9A7A-70A0BD6BEB64} = {C36603CA-7B46-4EC3-9520-A2158D030D14}
		{BB36F3C2-146A-48C8-9ACC-2FF9B722FF11} = {C36603CA-7B46-4EC3-9520-A2158D030D14}
		{E1A6A507-9448-43BC-84CD-F126967ACF5E} = {694AE841-EBEA-4388-933F-E6B5848F1257}
		{4F52F4C8-C734-4391-BF4C-2C8289E8F6EA} = {694AE841-EBEA-4388-933F-E6B5848F1257}
		{8FFF1C70-4DE5-40E3-A9C3-4877B3FBBD75} = {FD6FC277-1815-47B6-B718-6734845E925C}
		{7BFC6816-9344-4796-A93B-0384747D7A29} = {FD6FC277-1815-47B6-B718-6734845E925C}
		{445F28CB-ACF0-4B28-9059-3FF33C6A4A1D} = {927668FD-90C4-4F10-A8E4-A0A09FB90553}
		{CE862492-A3B0-46F3-8C79-19C780A8C639} = {927668FD-90C4-4F10-A8E4-A0A09FB90553}
		{3E61C1CF-FEB7-4960-A8E8-8136DB8276DB} = {AA7F61AF-E7A5-45D7-AF1C-99DE05863788}
		{441A0572-565B-485C-8DB5-47F29CF8DD13} = {AA7F61AF-E7A5-45D7-AF1C-99DE05863788}
		{7EC409E6-C3B8-4379-AF15-1F6A833364BA} = {E24007FE-726A-46FF-8B32-04AB2F61AD22}
		{71BBE059-B7BC-42DD-93EB-7B86020CE27F} = {E24007FE-726A-46FF-8B32-04AB2F61AD22}
		{5BA8715A-4C0C-4F9C-A148-2F0642C64782} = {97170AD5-C3DB-40C6-BFEA-D34EA86B3788}
		{05F9894B-BDA3-4AD3-A93A-6E8FBF992C55} = {97170AD5-C3DB-40C6-BFEA-D34EA86B3788}
		{3B08FFCF-6AF6-4878-9780-78A03FBA0647} = {F45FEDA8-4FF2-4195-AEF7-D7993E665C0A}
		{E957D077-00AD-417B-8C64-C9936F083385} = {F45FEDA8-4FF2-4195-AEF7-D7993E665C0A}
		{7135D93E-CC04-49AF-BB52-85F3BC53CC7E} = {24D46D36-C814-4031-BBFA-8ECCC3742B38}
		{22007B7E-2CB2-438A-9CC6-962C9D7E5BD1} = {24D46D36-C814-4031-BBFA-8ECCC3742B38}
		{B8B4C7C8-02B9-4FB4-9B1A-8400DF85005D} = {7FA21280-3827-4618-826B-29FDE66ED4C4}
		{760DCFEE-ACC8-476A-BFB3-6598B0712F70} = {7FA21280-3827-4618-826B-29FDE66ED4C4}
		{03ED1D23-25C6-48EA-A330-8B616D2B11C3} = {B61CD41D-26C4-4396-A4E2-9AB3D114FD9D}
		{FD6CF111-23C6-4C6F-B525-7C958B5DFE55} = {B61CD41D-26C4-4396-A4E2-9AB3D114FD9D}
		{AF815C81-7729-42D6-868A-8E0489D8C240} = {D1BFF256-0608-4BEB-8DDA-15C20ED44EA4}
		{641A3B29-F87B-4D3A-BF2D-F049749B9727} = {D1BFF256-0608-4BEB-8DDA-15C20ED44EA4}
		{F06232DA-0F44-48A9-BB23-B4E03321812D} = {AFFB3C91-65BA-4FD1-965A-13F347CB1C7B}
		{0B8189A8-B2B1-4B69-8BA7-5CBC55C7A368} = {AFFB3C91-65BA-4FD1-965A-13F347CB1C7B}
		{37E3A169-DE5C-457A-80B8-D06A2A0F440F} = {7E8909A7-5425-422D-BEC3-5FA79718571A}
		{3239A5A1-A4E8-4D06-9AAF-ECDD734107E7} = {7E8909A7-5425-422D-BEC3-5FA79718571A}
		{86AB4B1E-6D5C-4169-B94A-DAE1DC95A2E4} = {223753D2-BFF6-4963-A9A9-B6E7BC620B34}
		{1F1458A1-EAA6-4A7C-BE65-77202302D90C} = {223753D2-BFF6-4963-A9A9-B6E7BC620B34}
		{E9C13627-714A-4921-A03D-FDD50EE2D060} = {3DB053A3-A6AB-4185-BFDB-416D60E2D81D}
		{D8FB328B-68D8-47E9-8F84-F2350545FE95} = {3DB053A3-A6AB-4185-BFDB-416D60E2D81D}
		{82B1A064-004F-4083-9ECB-6AA40AB8F28A} = {E09E6EEC-F534-4E25-A06C-C1B62B900692}
		{970F894D-1BBB-40C1-94FD-E9B5A0DCF576} = {E09E6EEC-F534-4E25-A06C-C1B62B900692}
		{18E6391F-A721-40AE-A30B-9C1DD4DA0041} = {C211A9BF-2C81-4487-8594-8B98C6101B3C}
		{64F3C7D6-06A9-4445-9E97-14CF836F7A46} = {C211A9BF-2C81-4487-8594-8B98C6101B3C}
		{4F89EF38-3029-40E4-BFA2-1F74D31463E3} = {1BCEC64A-E070-4E44-BE0B-8FCBBEA55CED}
		{A8EECE1A-9A6B-403A-BEC2-B26705EA5A90} = {1BCEC64A-E070-4E44-BE0B-8FCBBEA55CED}
		{E63E6C3F-5F8D-4FB0-A292-0AF80FD80044} = {7523F6D0-3301-4DBB-8344-7761E65E28D5}
		{8A84027E-419F-472C-A3E1-33D3F1767643} = {7523F6D0-3301-4DBB-8344-7761E65E28D5}
		{DFDA37EA-F72E-4296-B757-4C86F3E534DF} = {DC480D86-8B0C-4C5E-9444-7F3669D2AB0B}
		{4909415D-D45C-4CBC-8381-330E92BAAC54} = {DC480D86-8B0C-4C5E-9444-7F3669D2AB0B}
		{23C255EC-6044-46A7-8A83-A09459186A95} = {DA7C06F9-F616-46DD-99AE-EEC8849B8BBE}
		{862B9C25-31BA-44D0-A86D-CD1C598BF040} = {DA7C06F9-F616-46DD-99AE-EEC8849B8BBE}
		{0E409535-2AD6-452F-84FC-E44327164B2A} = {99348509-6B81-4100-9F4A-49F2A879DEB0}
		{F3959196-D283-46B1-85CA-42AB301B9D19} = {99348509-6B81-4100-9F4A-49F2A879DEB0}
	EndGlobalSection
EndGlobal
