
Microsoft Visual Studio Solution File, Format Version 12.00
# Visual Studio Version 17
VisualStudioVersion = 17.0.31903.59
MinimumVisualStudioVersion = 10.0.40219.1
Project("{2150E333-8FDC-42A3-9474-1A3956D46DE8}") = "500", "500", "{85943DC0-071F-468A-AB50-CE877C7AB962}"
EndProject
Project("{9A19103F-16F7-4668-BE54-9A1E7A4F7556}") = "Rockaway.WebApp", "500\Rockaway\Rockaway.WebApp\Rockaway.WebApp.csproj", "{0EA8EF82-12F1-42F2-B3E6-DE926148D487}"
EndProject
Project("{9A19103F-16F7-4668-BE54-9A1E7A4F7556}") = "Rockaway.WebApp.Tests", "500\Rockaway\Rockaway.WebApp.Tests\Rockaway.WebApp.Tests.csproj", "{B5A18CD4-A071-48A8-878C-38036C4AA2F6}"
EndProject
Project("{2150E333-8FDC-42A3-9474-1A3956D46DE8}") = "501", "501", "{054B8D13-A155-4532-8C18-E551B42454A4}"
EndProject
Project("{9A19103F-16F7-4668-BE54-9A1E7A4F7556}") = "Rockaway.WebApp", "501\Rockaway\Rockaway.WebApp\Rockaway.WebApp.csproj", "{693AB636-B57F-481A-A289-E7F8436223B6}"
EndProject
Project("{9A19103F-16F7-4668-BE54-9A1E7A4F7556}") = "Rockaway.WebApp.Tests", "501\Rockaway\Rockaway.WebApp.Tests\Rockaway.WebApp.Tests.csproj", "{1DB28A94-75E2-4649-912D-7C916A06E72E}"
EndProject
Project("{2150E333-8FDC-42A3-9474-1A3956D46DE8}") = "502", "502", "{D285320C-7750-472E-B65F-81AA3F371820}"
EndProject
Project("{9A19103F-16F7-4668-BE54-9A1E7A4F7556}") = "Rockaway.WebApp", "502\Rockaway\Rockaway.WebApp\Rockaway.WebApp.csproj", "{41923120-A252-4B2F-958D-74413F9D1287}"
EndProject
Project("{9A19103F-16F7-4668-BE54-9A1E7A4F7556}") = "Rockaway.WebApp.Tests", "502\Rockaway\Rockaway.WebApp.Tests\Rockaway.WebApp.Tests.csproj", "{113BD376-0AC2-4B81-8EE5-0EB1F88186D3}"
EndProject
Project("{2150E333-8FDC-42A3-9474-1A3956D46DE8}") = "503", "503", "{C9BF1598-56B4-43B0-BDCF-09283857DF10}"
EndProject
Project("{9A19103F-16F7-4668-BE54-9A1E7A4F7556}") = "Rockaway.WebApp", "503\Rockaway\Rockaway.WebApp\Rockaway.WebApp.csproj", "{08BAB5EA-9F03-40C5-8BFF-07BBA430960D}"
EndProject
Project("{9A19103F-16F7-4668-BE54-9A1E7A4F7556}") = "Rockaway.WebApp.Tests", "503\Rockaway\Rockaway.WebApp.Tests\Rockaway.WebApp.Tests.csproj", "{99B38C6B-8565-4BE4-BFAC-2FF3115A21BE}"
EndProject
Project("{2150E333-8FDC-42A3-9474-1A3956D46DE8}") = "504", "504", "{B4403898-0951-4ABA-A4AE-1BFCA7F6EE50}"
EndProject
Project("{FAE04EC0-301F-11D3-BF4B-00C04F79EFBC}") = "Rockaway.WebApp", "504\Rockaway\Rockaway.WebApp\Rockaway.WebApp.csproj", "{B185FC72-3335-422C-9DC1-58590230EB4F}"
EndProject
Project("{FAE04EC0-301F-11D3-BF4B-00C04F79EFBC}") = "Rockaway.WebApp.Tests", "504\Rockaway\Rockaway.WebApp.Tests\Rockaway.WebApp.Tests.csproj", "{489AA362-05EE-41F5-9CDF-63E6A7711E7C}"
EndProject
Project("{2150E333-8FDC-42A3-9474-1A3956D46DE8}") = "505", "505", "{3205E0B8-7E65-4D8F-B3CF-53897F07AC9D}"
EndProject
Project("{FAE04EC0-301F-11D3-BF4B-00C04F79EFBC}") = "Rockaway.WebApp", "505\Rockaway\Rockaway.WebApp\Rockaway.WebApp.csproj", "{DB1B117F-1141-4C42-8C9D-1D7E8EC89074}"
EndProject
Project("{FAE04EC0-301F-11D3-BF4B-00C04F79EFBC}") = "Rockaway.WebApp.Tests", "505\Rockaway\Rockaway.WebApp.Tests\Rockaway.WebApp.Tests.csproj", "{D63305CA-0CF5-4C8A-B6A7-C4C699F7F6ED}"
EndProject
Project("{2150E333-8FDC-42A3-9474-1A3956D46DE8}") = "506", "506", "{AF3B7BEF-AF20-4A60-9E6F-91C2F156561E}"
EndProject
Project("{FAE04EC0-301F-11D3-BF4B-00C04F79EFBC}") = "Rockaway.WebApp", "506\Rockaway\Rockaway.WebApp\Rockaway.WebApp.csproj", "{A703E95F-72A5-4306-8EA6-C67437CCF55A}"
EndProject
Project("{FAE04EC0-301F-11D3-BF4B-00C04F79EFBC}") = "Rockaway.WebApp.Tests", "506\Rockaway\Rockaway.WebApp.Tests\Rockaway.WebApp.Tests.csproj", "{E5973E87-D62A-4C0B-BD85-80A85C425A9F}"
EndProject
Project("{2150E333-8FDC-42A3-9474-1A3956D46DE8}") = "507", "507", "{39B22F89-125C-4F03-ABD1-295B97B66718}"
EndProject
Project("{FAE04EC0-301F-11D3-BF4B-00C04F79EFBC}") = "Rockaway.WebApp", "507\Rockaway\Rockaway.WebApp\Rockaway.WebApp.csproj", "{3D18FA20-A908-4CAD-8994-8ED1D9850750}"
EndProject
Project("{FAE04EC0-301F-11D3-BF4B-00C04F79EFBC}") = "Rockaway.WebApp.Tests", "507\Rockaway\Rockaway.WebApp.Tests\Rockaway.WebApp.Tests.csproj", "{121A80AA-9D6A-490A-B169-9A68D389388B}"
EndProject
Project("{2150E333-8FDC-42A3-9474-1A3956D46DE8}") = "508", "508", "{021711C5-E343-43AC-AE00-063E1E721A4E}"
EndProject
Project("{FAE04EC0-301F-11D3-BF4B-00C04F79EFBC}") = "Rockaway.WebApp", "508\Rockaway\Rockaway.WebApp\Rockaway.WebApp.csproj", "{8134C360-4935-4DC9-B3DE-596C3C0B4DA8}"
EndProject
Project("{FAE04EC0-301F-11D3-BF4B-00C04F79EFBC}") = "Rockaway.WebApp.Tests", "508\Rockaway\Rockaway.WebApp.Tests\Rockaway.WebApp.Tests.csproj", "{408E4E8C-B10E-4BD7-9A76-7296BCD1231D}"
EndProject
Project("{2150E333-8FDC-42A3-9474-1A3956D46DE8}") = "509", "509", "{AE1F834D-7495-411F-9DE7-60D05D65AED3}"
EndProject
Project("{FAE04EC0-301F-11D3-BF4B-00C04F79EFBC}") = "Rockaway.WebApp", "509\Rockaway\Rockaway.WebApp\Rockaway.WebApp.csproj", "{A060EB66-AF75-4286-9B7A-C2C64643B749}"
EndProject
Project("{FAE04EC0-301F-11D3-BF4B-00C04F79EFBC}") = "Rockaway.WebApp.Tests", "509\Rockaway\Rockaway.WebApp.Tests\Rockaway.WebApp.Tests.csproj", "{0F6BD64B-2446-4A17-A8FB-02FEB69FA5AA}"
EndProject
Project("{2150E333-8FDC-42A3-9474-1A3956D46DE8}") = "510", "510", "{C77CC97F-9936-4F8A-A8FC-E793025B2D52}"
EndProject
Project("{FAE04EC0-301F-11D3-BF4B-00C04F79EFBC}") = "Rockaway.WebApp", "510\Rockaway\Rockaway.WebApp\Rockaway.WebApp.csproj", "{20BED107-CF5F-4279-BB30-E6DB4C91916E}"
EndProject
Project("{FAE04EC0-301F-11D3-BF4B-00C04F79EFBC}") = "Rockaway.WebApp.Tests", "510\Rockaway\Rockaway.WebApp.Tests\Rockaway.WebApp.Tests.csproj", "{CB24E8E2-FF74-4E8B-B622-9E943329D562}"
EndProject
Global
	GlobalSection(SolutionConfigurationPlatforms) = preSolution
		Debug|Any CPU = Debug|Any CPU
		Release|Any CPU = Release|Any CPU
	EndGlobalSection
	GlobalSection(ProjectConfigurationPlatforms) = postSolution
		{0EA8EF82-12F1-42F2-B3E6-DE926148D487}.Debug|Any CPU.ActiveCfg = Debug|Any CPU
		{0EA8EF82-12F1-42F2-B3E6-DE926148D487}.Debug|Any CPU.Build.0 = Debug|Any CPU
		{0EA8EF82-12F1-42F2-B3E6-DE926148D487}.Release|Any CPU.ActiveCfg = Release|Any CPU
		{0EA8EF82-12F1-42F2-B3E6-DE926148D487}.Release|Any CPU.Build.0 = Release|Any CPU
		{B5A18CD4-A071-48A8-878C-38036C4AA2F6}.Debug|Any CPU.ActiveCfg = Debug|Any CPU
		{B5A18CD4-A071-48A8-878C-38036C4AA2F6}.Debug|Any CPU.Build.0 = Debug|Any CPU
		{B5A18CD4-A071-48A8-878C-38036C4AA2F6}.Release|Any CPU.ActiveCfg = Release|Any CPU
		{B5A18CD4-A071-48A8-878C-38036C4AA2F6}.Release|Any CPU.Build.0 = Release|Any CPU
		{693AB636-B57F-481A-A289-E7F8436223B6}.Debug|Any CPU.ActiveCfg = Debug|Any CPU
		{693AB636-B57F-481A-A289-E7F8436223B6}.Debug|Any CPU.Build.0 = Debug|Any CPU
		{693AB636-B57F-481A-A289-E7F8436223B6}.Release|Any CPU.ActiveCfg = Release|Any CPU
		{693AB636-B57F-481A-A289-E7F8436223B6}.Release|Any CPU.Build.0 = Release|Any CPU
		{1DB28A94-75E2-4649-912D-7C916A06E72E}.Debug|Any CPU.ActiveCfg = Debug|Any CPU
		{1DB28A94-75E2-4649-912D-7C916A06E72E}.Debug|Any CPU.Build.0 = Debug|Any CPU
		{1DB28A94-75E2-4649-912D-7C916A06E72E}.Release|Any CPU.ActiveCfg = Release|Any CPU
		{1DB28A94-75E2-4649-912D-7C916A06E72E}.Release|Any CPU.Build.0 = Release|Any CPU
		{41923120-A252-4B2F-958D-74413F9D1287}.Debug|Any CPU.ActiveCfg = Debug|Any CPU
		{41923120-A252-4B2F-958D-74413F9D1287}.Debug|Any CPU.Build.0 = Debug|Any CPU
		{41923120-A252-4B2F-958D-74413F9D1287}.Release|Any CPU.ActiveCfg = Release|Any CPU
		{41923120-A252-4B2F-958D-74413F9D1287}.Release|Any CPU.Build.0 = Release|Any CPU
		{113BD376-0AC2-4B81-8EE5-0EB1F88186D3}.Debug|Any CPU.ActiveCfg = Debug|Any CPU
		{113BD376-0AC2-4B81-8EE5-0EB1F88186D3}.Debug|Any CPU.Build.0 = Debug|Any CPU
		{113BD376-0AC2-4B81-8EE5-0EB1F88186D3}.Release|Any CPU.ActiveCfg = Release|Any CPU
		{113BD376-0AC2-4B81-8EE5-0EB1F88186D3}.Release|Any CPU.Build.0 = Release|Any CPU
		{08BAB5EA-9F03-40C5-8BFF-07BBA430960D}.Debug|Any CPU.ActiveCfg = Debug|Any CPU
		{08BAB5EA-9F03-40C5-8BFF-07BBA430960D}.Debug|Any CPU.Build.0 = Debug|Any CPU
		{08BAB5EA-9F03-40C5-8BFF-07BBA430960D}.Release|Any CPU.ActiveCfg = Release|Any CPU
		{08BAB5EA-9F03-40C5-8BFF-07BBA430960D}.Release|Any CPU.Build.0 = Release|Any CPU
		{99B38C6B-8565-4BE4-BFAC-2FF3115A21BE}.Debug|Any CPU.ActiveCfg = Debug|Any CPU
		{99B38C6B-8565-4BE4-BFAC-2FF3115A21BE}.Debug|Any CPU.Build.0 = Debug|Any CPU
		{99B38C6B-8565-4BE4-BFAC-2FF3115A21BE}.Release|Any CPU.ActiveCfg = Release|Any CPU
		{99B38C6B-8565-4BE4-BFAC-2FF3115A21BE}.Release|Any CPU.Build.0 = Release|Any CPU
		{B185FC72-3335-422C-9DC1-58590230EB4F}.Debug|Any CPU.ActiveCfg = Debug|Any CPU
		{B185FC72-3335-422C-9DC1-58590230EB4F}.Debug|Any CPU.Build.0 = Debug|Any CPU
		{B185FC72-3335-422C-9DC1-58590230EB4F}.Release|Any CPU.ActiveCfg = Release|Any CPU
		{B185FC72-3335-422C-9DC1-58590230EB4F}.Release|Any CPU.Build.0 = Release|Any CPU
		{489AA362-05EE-41F5-9CDF-63E6A7711E7C}.Debug|Any CPU.ActiveCfg = Debug|Any CPU
		{489AA362-05EE-41F5-9CDF-63E6A7711E7C}.Debug|Any CPU.Build.0 = Debug|Any CPU
		{489AA362-05EE-41F5-9CDF-63E6A7711E7C}.Release|Any CPU.ActiveCfg = Release|Any CPU
		{489AA362-05EE-41F5-9CDF-63E6A7711E7C}.Release|Any CPU.Build.0 = Release|Any CPU
		{DB1B117F-1141-4C42-8C9D-1D7E8EC89074}.Debug|Any CPU.ActiveCfg = Debug|Any CPU
		{DB1B117F-1141-4C42-8C9D-1D7E8EC89074}.Debug|Any CPU.Build.0 = Debug|Any CPU
		{DB1B117F-1141-4C42-8C9D-1D7E8EC89074}.Release|Any CPU.ActiveCfg = Release|Any CPU
		{DB1B117F-1141-4C42-8C9D-1D7E8EC89074}.Release|Any CPU.Build.0 = Release|Any CPU
		{D63305CA-0CF5-4C8A-B6A7-C4C699F7F6ED}.Debug|Any CPU.ActiveCfg = Debug|Any CPU
		{D63305CA-0CF5-4C8A-B6A7-C4C699F7F6ED}.Debug|Any CPU.Build.0 = Debug|Any CPU
		{D63305CA-0CF5-4C8A-B6A7-C4C699F7F6ED}.Release|Any CPU.ActiveCfg = Release|Any CPU
		{D63305CA-0CF5-4C8A-B6A7-C4C699F7F6ED}.Release|Any CPU.Build.0 = Release|Any CPU
		{A703E95F-72A5-4306-8EA6-C67437CCF55A}.Debug|Any CPU.ActiveCfg = Debug|Any CPU
		{A703E95F-72A5-4306-8EA6-C67437CCF55A}.Debug|Any CPU.Build.0 = Debug|Any CPU
		{A703E95F-72A5-4306-8EA6-C67437CCF55A}.Release|Any CPU.ActiveCfg = Release|Any CPU
		{A703E95F-72A5-4306-8EA6-C67437CCF55A}.Release|Any CPU.Build.0 = Release|Any CPU
		{E5973E87-D62A-4C0B-BD85-80A85C425A9F}.Debug|Any CPU.ActiveCfg = Debug|Any CPU
		{E5973E87-D62A-4C0B-BD85-80A85C425A9F}.Debug|Any CPU.Build.0 = Debug|Any CPU
		{E5973E87-D62A-4C0B-BD85-80A85C425A9F}.Release|Any CPU.ActiveCfg = Release|Any CPU
		{E5973E87-D62A-4C0B-BD85-80A85C425A9F}.Release|Any CPU.Build.0 = Release|Any CPU
		{3D18FA20-A908-4CAD-8994-8ED1D9850750}.Debug|Any CPU.ActiveCfg = Debug|Any CPU
		{3D18FA20-A908-4CAD-8994-8ED1D9850750}.Debug|Any CPU.Build.0 = Debug|Any CPU
		{3D18FA20-A908-4CAD-8994-8ED1D9850750}.Release|Any CPU.ActiveCfg = Release|Any CPU
		{3D18FA20-A908-4CAD-8994-8ED1D9850750}.Release|Any CPU.Build.0 = Release|Any CPU
		{121A80AA-9D6A-490A-B169-9A68D389388B}.Debug|Any CPU.ActiveCfg = Debug|Any CPU
		{121A80AA-9D6A-490A-B169-9A68D389388B}.Debug|Any CPU.Build.0 = Debug|Any CPU
		{121A80AA-9D6A-490A-B169-9A68D389388B}.Release|Any CPU.ActiveCfg = Release|Any CPU
		{121A80AA-9D6A-490A-B169-9A68D389388B}.Release|Any CPU.Build.0 = Release|Any CPU
		{8134C360-4935-4DC9-B3DE-596C3C0B4DA8}.Debug|Any CPU.ActiveCfg = Debug|Any CPU
		{8134C360-4935-4DC9-B3DE-596C3C0B4DA8}.Debug|Any CPU.Build.0 = Debug|Any CPU
		{8134C360-4935-4DC9-B3DE-596C3C0B4DA8}.Release|Any CPU.ActiveCfg = Release|Any CPU
		{8134C360-4935-4DC9-B3DE-596C3C0B4DA8}.Release|Any CPU.Build.0 = Release|Any CPU
		{408E4E8C-B10E-4BD7-9A76-7296BCD1231D}.Debug|Any CPU.ActiveCfg = Debug|Any CPU
		{408E4E8C-B10E-4BD7-9A76-7296BCD1231D}.Debug|Any CPU.Build.0 = Debug|Any CPU
		{408E4E8C-B10E-4BD7-9A76-7296BCD1231D}.Release|Any CPU.ActiveCfg = Release|Any CPU
		{408E4E8C-B10E-4BD7-9A76-7296BCD1231D}.Release|Any CPU.Build.0 = Release|Any CPU
		{A060EB66-AF75-4286-9B7A-C2C64643B749}.Debug|Any CPU.ActiveCfg = Debug|Any CPU
		{A060EB66-AF75-4286-9B7A-C2C64643B749}.Debug|Any CPU.Build.0 = Debug|Any CPU
		{A060EB66-AF75-4286-9B7A-C2C64643B749}.Release|Any CPU.ActiveCfg = Release|Any CPU
		{A060EB66-AF75-4286-9B7A-C2C64643B749}.Release|Any CPU.Build.0 = Release|Any CPU
		{0F6BD64B-2446-4A17-A8FB-02FEB69FA5AA}.Debug|Any CPU.ActiveCfg = Debug|Any CPU
		{0F6BD64B-2446-4A17-A8FB-02FEB69FA5AA}.Debug|Any CPU.Build.0 = Debug|Any CPU
		{0F6BD64B-2446-4A17-A8FB-02FEB69FA5AA}.Release|Any CPU.ActiveCfg = Release|Any CPU
		{0F6BD64B-2446-4A17-A8FB-02FEB69FA5AA}.Release|Any CPU.Build.0 = Release|Any CPU
		{20BED107-CF5F-4279-BB30-E6DB4C91916E}.Debug|Any CPU.ActiveCfg = Debug|Any CPU
		{20BED107-CF5F-4279-BB30-E6DB4C91916E}.Debug|Any CPU.Build.0 = Debug|Any CPU
		{20BED107-CF5F-4279-BB30-E6DB4C91916E}.Release|Any CPU.ActiveCfg = Release|Any CPU
		{20BED107-CF5F-4279-BB30-E6DB4C91916E}.Release|Any CPU.Build.0 = Release|Any CPU
		{CB24E8E2-FF74-4E8B-B622-9E943329D562}.Debug|Any CPU.ActiveCfg = Debug|Any CPU
		{CB24E8E2-FF74-4E8B-B622-9E943329D562}.Debug|Any CPU.Build.0 = Debug|Any CPU
		{CB24E8E2-FF74-4E8B-B622-9E943329D562}.Release|Any CPU.ActiveCfg = Release|Any CPU
		{CB24E8E2-FF74-4E8B-B622-9E943329D562}.Release|Any CPU.Build.0 = Release|Any CPU
	EndGlobalSection
	GlobalSection(SolutionProperties) = preSolution
		HideSolutionNode = FALSE
	EndGlobalSection
	GlobalSection(NestedProjects) = preSolution
		{0EA8EF82-12F1-42F2-B3E6-DE926148D487} = {85943DC0-071F-468A-AB50-CE877C7AB962}
		{B5A18CD4-A071-48A8-878C-38036C4AA2F6} = {85943DC0-071F-468A-AB50-CE877C7AB962}
		{693AB636-B57F-481A-A289-E7F8436223B6} = {054B8D13-A155-4532-8C18-E551B42454A4}
		{1DB28A94-75E2-4649-912D-7C916A06E72E} = {054B8D13-A155-4532-8C18-E551B42454A4}
		{41923120-A252-4B2F-958D-74413F9D1287} = {D285320C-7750-472E-B65F-81AA3F371820}
		{113BD376-0AC2-4B81-8EE5-0EB1F88186D3} = {D285320C-7750-472E-B65F-81AA3F371820}
		{08BAB5EA-9F03-40C5-8BFF-07BBA430960D} = {C9BF1598-56B4-43B0-BDCF-09283857DF10}
		{99B38C6B-8565-4BE4-BFAC-2FF3115A21BE} = {C9BF1598-56B4-43B0-BDCF-09283857DF10}
		{B185FC72-3335-422C-9DC1-58590230EB4F} = {B4403898-0951-4ABA-A4AE-1BFCA7F6EE50}
		{489AA362-05EE-41F5-9CDF-63E6A7711E7C} = {B4403898-0951-4ABA-A4AE-1BFCA7F6EE50}
		{DB1B117F-1141-4C42-8C9D-1D7E8EC89074} = {3205E0B8-7E65-4D8F-B3CF-53897F07AC9D}
		{D63305CA-0CF5-4C8A-B6A7-C4C699F7F6ED} = {3205E0B8-7E65-4D8F-B3CF-53897F07AC9D}
		{A703E95F-72A5-4306-8EA6-C67437CCF55A} = {AF3B7BEF-AF20-4A60-9E6F-91C2F156561E}
		{E5973E87-D62A-4C0B-BD85-80A85C425A9F} = {AF3B7BEF-AF20-4A60-9E6F-91C2F156561E}
		{3D18FA20-A908-4CAD-8994-8ED1D9850750} = {39B22F89-125C-4F03-ABD1-295B97B66718}
		{121A80AA-9D6A-490A-B169-9A68D389388B} = {39B22F89-125C-4F03-ABD1-295B97B66718}
		{8134C360-4935-4DC9-B3DE-596C3C0B4DA8} = {021711C5-E343-43AC-AE00-063E1E721A4E}
		{408E4E8C-B10E-4BD7-9A76-7296BCD1231D} = {021711C5-E343-43AC-AE00-063E1E721A4E}
		{A060EB66-AF75-4286-9B7A-C2C64643B749} = {AE1F834D-7495-411F-9DE7-60D05D65AED3}
		{0F6BD64B-2446-4A17-A8FB-02FEB69FA5AA} = {AE1F834D-7495-411F-9DE7-60D05D65AED3}
		{20BED107-CF5F-4279-BB30-E6DB4C91916E} = {C77CC97F-9936-4F8A-A8FC-E793025B2D52}
		{CB24E8E2-FF74-4E8B-B622-9E943329D562} = {C77CC97F-9936-4F8A-A8FC-E793025B2D52}
	EndGlobalSection
	GlobalSection(ExtensibilityGlobals) = postSolution
		SolutionGuid = {5DD7A67F-C0E8-44A5-878D-3F23BB1A6402}
	EndGlobalSection
EndGlobal
