
Microsoft Visual Studio Solution File, Format Version 12.00
# Visual Studio Version 17
VisualStudioVersion = 17.0.31903.59
MinimumVisualStudioVersion = 10.0.40219.1
Project("{2150E333-8FDC-42A3-9474-1A3956D46DE8}") = "500", "500", "{A66D0FCF-48CD-4214-995A-F55F41427D9A}"
EndProject
Project("{FAE04EC0-301F-11D3-BF4B-00C04F79EFBC}") = "Rockaway.WebApp", "500\Rockaway\Rockaway.WebApp\Rockaway.WebApp.csproj", "{48AC8566-821B-4372-BC9C-41B658E4A4E9}"
EndProject
Project("{FAE04EC0-301F-11D3-BF4B-00C04F79EFBC}") = "Rockaway.WebApp.Tests", "500\Rockaway\Rockaway.WebApp.Tests\Rockaway.WebApp.Tests.csproj", "{CE50C892-267F-4B49-9721-0270AAEC1A60}"
EndProject
Project("{2150E333-8FDC-42A3-9474-1A3956D46DE8}") = "501", "501", "{7A3D9721-CED8-4828-85CD-30BC1C22435E}"
EndProject
Project("{FAE04EC0-301F-11D3-BF4B-00C04F79EFBC}") = "Rockaway.WebApp", "501\Rockaway\Rockaway.WebApp\Rockaway.WebApp.csproj", "{A28758D2-65D2-4E8E-9D56-D963371A2D9E}"
EndProject
Project("{FAE04EC0-301F-11D3-BF4B-00C04F79EFBC}") = "Rockaway.WebApp.Tests", "501\Rockaway\Rockaway.WebApp.Tests\Rockaway.WebApp.Tests.csproj", "{45562084-7975-4AB1-BA01-BB21C2DCEE4B}"
EndProject
Project("{2150E333-8FDC-42A3-9474-1A3956D46DE8}") = "502", "502", "{1F41A89F-D616-4070-BE4F-EE4A4B6888C2}"
EndProject
Project("{FAE04EC0-301F-11D3-BF4B-00C04F79EFBC}") = "Rockaway.WebApp", "502\Rockaway\Rockaway.WebApp\Rockaway.WebApp.csproj", "{44BA31DA-F2B5-4D83-B3AC-FAA37E3F9C26}"
EndProject
Project("{FAE04EC0-301F-11D3-BF4B-00C04F79EFBC}") = "Rockaway.WebApp.Tests", "502\Rockaway\Rockaway.WebApp.Tests\Rockaway.WebApp.Tests.csproj", "{23ED0934-FBAC-4B85-816B-E5AD5A5492B3}"
EndProject
Project("{2150E333-8FDC-42A3-9474-1A3956D46DE8}") = "503", "503", "{3E3DF4F5-C51B-4DDA-83EA-8867E57F7947}"
EndProject
Project("{FAE04EC0-301F-11D3-BF4B-00C04F79EFBC}") = "Rockaway.WebApp", "503\Rockaway\Rockaway.WebApp\Rockaway.WebApp.csproj", "{3C74B824-AC8E-4BF6-8482-75DD1FAEBADB}"
EndProject
Project("{FAE04EC0-301F-11D3-BF4B-00C04F79EFBC}") = "Rockaway.WebApp.Tests", "503\Rockaway\Rockaway.WebApp.Tests\Rockaway.WebApp.Tests.csproj", "{BF706592-E3CD-4CE7-93E3-BA11920BC3BD}"
EndProject
Project("{2150E333-8FDC-42A3-9474-1A3956D46DE8}") = "504", "504", "{D626390B-3BC5-45F1-ADDB-E2B3C75D6A15}"
EndProject
Project("{FAE04EC0-301F-11D3-BF4B-00C04F79EFBC}") = "Rockaway.WebApp", "504\Rockaway\Rockaway.WebApp\Rockaway.WebApp.csproj", "{2DC588A9-BDAD-4386-AB2E-5A8164158155}"
EndProject
Project("{FAE04EC0-301F-11D3-BF4B-00C04F79EFBC}") = "Rockaway.WebApp.Tests", "504\Rockaway\Rockaway.WebApp.Tests\Rockaway.WebApp.Tests.csproj", "{C1571595-A9B3-4E61-BC8A-A0D044D97DCF}"
EndProject
Project("{2150E333-8FDC-42A3-9474-1A3956D46DE8}") = "505", "505", "{540640F5-FC24-4355-91A7-494BEDF1ECFC}"
EndProject
Project("{FAE04EC0-301F-11D3-BF4B-00C04F79EFBC}") = "Rockaway.WebApp", "505\Rockaway\Rockaway.WebApp\Rockaway.WebApp.csproj", "{52E31312-4F5A-4D1D-AC9D-C2E5999AD0CC}"
EndProject
Project("{FAE04EC0-301F-11D3-BF4B-00C04F79EFBC}") = "Rockaway.WebApp.Tests", "505\Rockaway\Rockaway.WebApp.Tests\Rockaway.WebApp.Tests.csproj", "{752CC3D4-B793-4BAD-B3BF-699BD961646E}"
EndProject
Project("{2150E333-8FDC-42A3-9474-1A3956D46DE8}") = "506", "506", "{B41CAEA8-273C-4745-901E-3C22EBE5587D}"
EndProject
Project("{FAE04EC0-301F-11D3-BF4B-00C04F79EFBC}") = "Rockaway.WebApp", "506\Rockaway\Rockaway.WebApp\Rockaway.WebApp.csproj", "{DF7227C9-6635-4E24-ACB7-0413A817AFEA}"
EndProject
Project("{FAE04EC0-301F-11D3-BF4B-00C04F79EFBC}") = "Rockaway.WebApp.Tests", "506\Rockaway\Rockaway.WebApp.Tests\Rockaway.WebApp.Tests.csproj", "{91B6D1FB-6A72-40A9-8287-8EF836D52C90}"
EndProject
Project("{2150E333-8FDC-42A3-9474-1A3956D46DE8}") = "507", "507", "{9517323D-1B9A-42BA-8A1E-D6A8F417DB50}"
EndProject
Project("{FAE04EC0-301F-11D3-BF4B-00C04F79EFBC}") = "Rockaway.WebApp", "507\Rockaway\Rockaway.WebApp\Rockaway.WebApp.csproj", "{FB3FFD76-2283-4A76-807E-86366DFAB8D8}"
EndProject
Project("{FAE04EC0-301F-11D3-BF4B-00C04F79EFBC}") = "Rockaway.WebApp.Tests", "507\Rockaway\Rockaway.WebApp.Tests\Rockaway.WebApp.Tests.csproj", "{A93CDE27-E2DF-497D-9BF4-E41586B55F2D}"
EndProject
Project("{2150E333-8FDC-42A3-9474-1A3956D46DE8}") = "508", "508", "{A7F30082-B0A0-4EA3-950F-728F141731B2}"
EndProject
Project("{FAE04EC0-301F-11D3-BF4B-00C04F79EFBC}") = "Rockaway.WebApp", "508\Rockaway\Rockaway.WebApp\Rockaway.WebApp.csproj", "{8F6616F8-4C08-49D6-B0BC-37599A4E62DA}"
EndProject
Project("{FAE04EC0-301F-11D3-BF4B-00C04F79EFBC}") = "Rockaway.WebApp.Tests", "508\Rockaway\Rockaway.WebApp.Tests\Rockaway.WebApp.Tests.csproj", "{71102E0D-5864-4F36-84FB-78484AB72907}"
EndProject
Project("{2150E333-8FDC-42A3-9474-1A3956D46DE8}") = "509", "509", "{45E094B1-6E2B-46B0-B22C-AFE008781DDE}"
EndProject
Project("{FAE04EC0-301F-11D3-BF4B-00C04F79EFBC}") = "Rockaway.WebApp", "509\Rockaway\Rockaway.WebApp\Rockaway.WebApp.csproj", "{BA906E92-DD8A-4856-B508-7C36F152DBE7}"
EndProject
Project("{FAE04EC0-301F-11D3-BF4B-00C04F79EFBC}") = "Rockaway.WebApp.Tests", "509\Rockaway\Rockaway.WebApp.Tests\Rockaway.WebApp.Tests.csproj", "{354C329B-5725-437D-9A62-483C4C83ED2D}"
EndProject
Project("{2150E333-8FDC-42A3-9474-1A3956D46DE8}") = "510", "510", "{12C8AF56-8E2D-4B09-8CE5-4087F3B233C3}"
EndProject
Project("{FAE04EC0-301F-11D3-BF4B-00C04F79EFBC}") = "Rockaway.WebApp", "510\Rockaway\Rockaway.WebApp\Rockaway.WebApp.csproj", "{25591449-0A25-48EE-A2F2-712D03CB596F}"
EndProject
Project("{FAE04EC0-301F-11D3-BF4B-00C04F79EFBC}") = "Rockaway.WebApp.Tests", "510\Rockaway\Rockaway.WebApp.Tests\Rockaway.WebApp.Tests.csproj", "{345337C8-098E-4D12-82D2-98ABF208AE88}"
EndProject
Project("{2150E333-8FDC-42A3-9474-1A3956D46DE8}") = "600", "600", "{9B5C4B3B-06B1-48EE-ADAB-4D6ED5454D0F}"
EndProject
Project("{FAE04EC0-301F-11D3-BF4B-00C04F79EFBC}") = "Rockaway.WebApp", "600-codegen\Rockaway\Rockaway.WebApp\Rockaway.WebApp.csproj", "{CADA80F0-D64F-4467-951F-8212B6FBCFB6}"
EndProject
Project("{FAE04EC0-301F-11D3-BF4B-00C04F79EFBC}") = "Rockaway.WebApp.Tests", "600-codegen\Rockaway\Rockaway.WebApp.Tests\Rockaway.WebApp.Tests.csproj", "{E92356E7-0A15-41A2-B36A-34ABCEA0F739}"
EndProject
Project("{2150E333-8FDC-42A3-9474-1A3956D46DE8}") = "601", "601", "{CB38503C-90D1-4B1D-9AF5-E1842FE38F4C}"
EndProject
Project("{FAE04EC0-301F-11D3-BF4B-00C04F79EFBC}") = "Rockaway.WebApp", "601\Rockaway\Rockaway.WebApp\Rockaway.WebApp.csproj", "{56119FF8-14C3-49F4-BA17-514373956B31}"
EndProject
Project("{FAE04EC0-301F-11D3-BF4B-00C04F79EFBC}") = "Rockaway.WebApp.Tests", "601\Rockaway\Rockaway.WebApp.Tests\Rockaway.WebApp.Tests.csproj", "{11C51F71-502F-4D0C-9041-CC90BFEE067B}"
EndProject
Project("{2150E333-8FDC-42A3-9474-1A3956D46DE8}") = "602", "602", "{CF173058-F86C-4493-819B-65E9218773ED}"
EndProject
Project("{FAE04EC0-301F-11D3-BF4B-00C04F79EFBC}") = "Rockaway.WebApp", "602\Rockaway\Rockaway.WebApp\Rockaway.WebApp.csproj", "{454DE14B-28DF-4DAF-866A-5B8260519ADC}"
EndProject
Project("{FAE04EC0-301F-11D3-BF4B-00C04F79EFBC}") = "Rockaway.WebApp.Tests", "602\Rockaway\Rockaway.WebApp.Tests\Rockaway.WebApp.Tests.csproj", "{E5EFC7A5-E2A4-4E1F-A94F-13944FB4F4D8}"
EndProject
Project("{2150E333-8FDC-42A3-9474-1A3956D46DE8}") = "701", "701", "{6D67083F-2572-4029-8EE6-58CF854A2AB8}"
EndProject
Project("{FAE04EC0-301F-11D3-BF4B-00C04F79EFBC}") = "Rockaway.WebApp", "701\Rockaway\Rockaway.WebApp\Rockaway.WebApp.csproj", "{0D99208B-2ACB-4E22-A0B5-0AC41918EE24}"
EndProject
Project("{FAE04EC0-301F-11D3-BF4B-00C04F79EFBC}") = "Rockaway.WebApp.Tests", "701\Rockaway\Rockaway.WebApp.Tests\Rockaway.WebApp.Tests.csproj", "{240DD2D4-3462-48FC-B1B4-4980B19994D1}"
EndProject
Project("{2150E333-8FDC-42A3-9474-1A3956D46DE8}") = "702", "702", "{57D65FBE-8C80-43BB-B014-839C1A6529EE}"
EndProject
Project("{FAE04EC0-301F-11D3-BF4B-00C04F79EFBC}") = "Rockaway.RazorComponents", "702\Rockaway\Rockaway.RazorComponents\Rockaway.RazorComponents.csproj", "{E328A93A-D329-4874-9BFB-58FB383924A6}"
EndProject
Project("{FAE04EC0-301F-11D3-BF4B-00C04F79EFBC}") = "Rockaway.WebApp", "702\Rockaway\Rockaway.WebApp\Rockaway.WebApp.csproj", "{FA739841-F62E-42F0-8736-0370C3EB6B54}"
EndProject
Project("{FAE04EC0-301F-11D3-BF4B-00C04F79EFBC}") = "Rockaway.WebApp.Tests", "702\Rockaway\Rockaway.WebApp.Tests\Rockaway.WebApp.Tests.csproj", "{CF3946B6-020B-4BB7-91E4-1C76D7AC0B23}"
EndProject
Global
	GlobalSection(SolutionConfigurationPlatforms) = preSolution
		Debug|Any CPU = Debug|Any CPU
		Release|Any CPU = Release|Any CPU
	EndGlobalSection
	GlobalSection(SolutionProperties) = preSolution
		HideSolutionNode = FALSE
	EndGlobalSection
	GlobalSection(ProjectConfigurationPlatforms) = postSolution
		{48AC8566-821B-4372-BC9C-41B658E4A4E9}.Debug|Any CPU.ActiveCfg = Debug|Any CPU
		{48AC8566-821B-4372-BC9C-41B658E4A4E9}.Debug|Any CPU.Build.0 = Debug|Any CPU
		{48AC8566-821B-4372-BC9C-41B658E4A4E9}.Release|Any CPU.ActiveCfg = Release|Any CPU
		{48AC8566-821B-4372-BC9C-41B658E4A4E9}.Release|Any CPU.Build.0 = Release|Any CPU
		{CE50C892-267F-4B49-9721-0270AAEC1A60}.Debug|Any CPU.ActiveCfg = Debug|Any CPU
		{CE50C892-267F-4B49-9721-0270AAEC1A60}.Debug|Any CPU.Build.0 = Debug|Any CPU
		{CE50C892-267F-4B49-9721-0270AAEC1A60}.Release|Any CPU.ActiveCfg = Release|Any CPU
		{CE50C892-267F-4B49-9721-0270AAEC1A60}.Release|Any CPU.Build.0 = Release|Any CPU
		{A28758D2-65D2-4E8E-9D56-D963371A2D9E}.Debug|Any CPU.ActiveCfg = Debug|Any CPU
		{A28758D2-65D2-4E8E-9D56-D963371A2D9E}.Debug|Any CPU.Build.0 = Debug|Any CPU
		{A28758D2-65D2-4E8E-9D56-D963371A2D9E}.Release|Any CPU.ActiveCfg = Release|Any CPU
		{A28758D2-65D2-4E8E-9D56-D963371A2D9E}.Release|Any CPU.Build.0 = Release|Any CPU
		{45562084-7975-4AB1-BA01-BB21C2DCEE4B}.Debug|Any CPU.ActiveCfg = Debug|Any CPU
		{45562084-7975-4AB1-BA01-BB21C2DCEE4B}.Debug|Any CPU.Build.0 = Debug|Any CPU
		{45562084-7975-4AB1-BA01-BB21C2DCEE4B}.Release|Any CPU.ActiveCfg = Release|Any CPU
		{45562084-7975-4AB1-BA01-BB21C2DCEE4B}.Release|Any CPU.Build.0 = Release|Any CPU
		{44BA31DA-F2B5-4D83-B3AC-FAA37E3F9C26}.Debug|Any CPU.ActiveCfg = Debug|Any CPU
		{44BA31DA-F2B5-4D83-B3AC-FAA37E3F9C26}.Debug|Any CPU.Build.0 = Debug|Any CPU
		{44BA31DA-F2B5-4D83-B3AC-FAA37E3F9C26}.Release|Any CPU.ActiveCfg = Release|Any CPU
		{44BA31DA-F2B5-4D83-B3AC-FAA37E3F9C26}.Release|Any CPU.Build.0 = Release|Any CPU
		{23ED0934-FBAC-4B85-816B-E5AD5A5492B3}.Debug|Any CPU.ActiveCfg = Debug|Any CPU
		{23ED0934-FBAC-4B85-816B-E5AD5A5492B3}.Debug|Any CPU.Build.0 = Debug|Any CPU
		{23ED0934-FBAC-4B85-816B-E5AD5A5492B3}.Release|Any CPU.ActiveCfg = Release|Any CPU
		{23ED0934-FBAC-4B85-816B-E5AD5A5492B3}.Release|Any CPU.Build.0 = Release|Any CPU
		{3C74B824-AC8E-4BF6-8482-75DD1FAEBADB}.Debug|Any CPU.ActiveCfg = Debug|Any CPU
		{3C74B824-AC8E-4BF6-8482-75DD1FAEBADB}.Debug|Any CPU.Build.0 = Debug|Any CPU
		{3C74B824-AC8E-4BF6-8482-75DD1FAEBADB}.Release|Any CPU.ActiveCfg = Release|Any CPU
		{3C74B824-AC8E-4BF6-8482-75DD1FAEBADB}.Release|Any CPU.Build.0 = Release|Any CPU
		{BF706592-E3CD-4CE7-93E3-BA11920BC3BD}.Debug|Any CPU.ActiveCfg = Debug|Any CPU
		{BF706592-E3CD-4CE7-93E3-BA11920BC3BD}.Debug|Any CPU.Build.0 = Debug|Any CPU
		{BF706592-E3CD-4CE7-93E3-BA11920BC3BD}.Release|Any CPU.ActiveCfg = Release|Any CPU
		{BF706592-E3CD-4CE7-93E3-BA11920BC3BD}.Release|Any CPU.Build.0 = Release|Any CPU
		{2DC588A9-BDAD-4386-AB2E-5A8164158155}.Debug|Any CPU.ActiveCfg = Debug|Any CPU
		{2DC588A9-BDAD-4386-AB2E-5A8164158155}.Debug|Any CPU.Build.0 = Debug|Any CPU
		{2DC588A9-BDAD-4386-AB2E-5A8164158155}.Release|Any CPU.ActiveCfg = Release|Any CPU
		{2DC588A9-BDAD-4386-AB2E-5A8164158155}.Release|Any CPU.Build.0 = Release|Any CPU
		{C1571595-A9B3-4E61-BC8A-A0D044D97DCF}.Debug|Any CPU.ActiveCfg = Debug|Any CPU
		{C1571595-A9B3-4E61-BC8A-A0D044D97DCF}.Debug|Any CPU.Build.0 = Debug|Any CPU
		{C1571595-A9B3-4E61-BC8A-A0D044D97DCF}.Release|Any CPU.ActiveCfg = Release|Any CPU
		{C1571595-A9B3-4E61-BC8A-A0D044D97DCF}.Release|Any CPU.Build.0 = Release|Any CPU
		{52E31312-4F5A-4D1D-AC9D-C2E5999AD0CC}.Debug|Any CPU.ActiveCfg = Debug|Any CPU
		{52E31312-4F5A-4D1D-AC9D-C2E5999AD0CC}.Debug|Any CPU.Build.0 = Debug|Any CPU
		{52E31312-4F5A-4D1D-AC9D-C2E5999AD0CC}.Release|Any CPU.ActiveCfg = Release|Any CPU
		{52E31312-4F5A-4D1D-AC9D-C2E5999AD0CC}.Release|Any CPU.Build.0 = Release|Any CPU
		{752CC3D4-B793-4BAD-B3BF-699BD961646E}.Debug|Any CPU.ActiveCfg = Debug|Any CPU
		{752CC3D4-B793-4BAD-B3BF-699BD961646E}.Debug|Any CPU.Build.0 = Debug|Any CPU
		{752CC3D4-B793-4BAD-B3BF-699BD961646E}.Release|Any CPU.ActiveCfg = Release|Any CPU
		{752CC3D4-B793-4BAD-B3BF-699BD961646E}.Release|Any CPU.Build.0 = Release|Any CPU
		{DF7227C9-6635-4E24-ACB7-0413A817AFEA}.Debug|Any CPU.ActiveCfg = Debug|Any CPU
		{DF7227C9-6635-4E24-ACB7-0413A817AFEA}.Debug|Any CPU.Build.0 = Debug|Any CPU
		{DF7227C9-6635-4E24-ACB7-0413A817AFEA}.Release|Any CPU.ActiveCfg = Release|Any CPU
		{DF7227C9-6635-4E24-ACB7-0413A817AFEA}.Release|Any CPU.Build.0 = Release|Any CPU
		{91B6D1FB-6A72-40A9-8287-8EF836D52C90}.Debug|Any CPU.ActiveCfg = Debug|Any CPU
		{91B6D1FB-6A72-40A9-8287-8EF836D52C90}.Debug|Any CPU.Build.0 = Debug|Any CPU
		{91B6D1FB-6A72-40A9-8287-8EF836D52C90}.Release|Any CPU.ActiveCfg = Release|Any CPU
		{91B6D1FB-6A72-40A9-8287-8EF836D52C90}.Release|Any CPU.Build.0 = Release|Any CPU
		{FB3FFD76-2283-4A76-807E-86366DFAB8D8}.Debug|Any CPU.ActiveCfg = Debug|Any CPU
		{FB3FFD76-2283-4A76-807E-86366DFAB8D8}.Debug|Any CPU.Build.0 = Debug|Any CPU
		{FB3FFD76-2283-4A76-807E-86366DFAB8D8}.Release|Any CPU.ActiveCfg = Release|Any CPU
		{FB3FFD76-2283-4A76-807E-86366DFAB8D8}.Release|Any CPU.Build.0 = Release|Any CPU
		{A93CDE27-E2DF-497D-9BF4-E41586B55F2D}.Debug|Any CPU.ActiveCfg = Debug|Any CPU
		{A93CDE27-E2DF-497D-9BF4-E41586B55F2D}.Debug|Any CPU.Build.0 = Debug|Any CPU
		{A93CDE27-E2DF-497D-9BF4-E41586B55F2D}.Release|Any CPU.ActiveCfg = Release|Any CPU
		{A93CDE27-E2DF-497D-9BF4-E41586B55F2D}.Release|Any CPU.Build.0 = Release|Any CPU
		{8F6616F8-4C08-49D6-B0BC-37599A4E62DA}.Debug|Any CPU.ActiveCfg = Debug|Any CPU
		{8F6616F8-4C08-49D6-B0BC-37599A4E62DA}.Debug|Any CPU.Build.0 = Debug|Any CPU
		{8F6616F8-4C08-49D6-B0BC-37599A4E62DA}.Release|Any CPU.ActiveCfg = Release|Any CPU
		{8F6616F8-4C08-49D6-B0BC-37599A4E62DA}.Release|Any CPU.Build.0 = Release|Any CPU
		{71102E0D-5864-4F36-84FB-78484AB72907}.Debug|Any CPU.ActiveCfg = Debug|Any CPU
		{71102E0D-5864-4F36-84FB-78484AB72907}.Debug|Any CPU.Build.0 = Debug|Any CPU
		{71102E0D-5864-4F36-84FB-78484AB72907}.Release|Any CPU.ActiveCfg = Release|Any CPU
		{71102E0D-5864-4F36-84FB-78484AB72907}.Release|Any CPU.Build.0 = Release|Any CPU
		{BA906E92-DD8A-4856-B508-7C36F152DBE7}.Debug|Any CPU.ActiveCfg = Debug|Any CPU
		{BA906E92-DD8A-4856-B508-7C36F152DBE7}.Debug|Any CPU.Build.0 = Debug|Any CPU
		{BA906E92-DD8A-4856-B508-7C36F152DBE7}.Release|Any CPU.ActiveCfg = Release|Any CPU
		{BA906E92-DD8A-4856-B508-7C36F152DBE7}.Release|Any CPU.Build.0 = Release|Any CPU
		{354C329B-5725-437D-9A62-483C4C83ED2D}.Debug|Any CPU.ActiveCfg = Debug|Any CPU
		{354C329B-5725-437D-9A62-483C4C83ED2D}.Debug|Any CPU.Build.0 = Debug|Any CPU
		{354C329B-5725-437D-9A62-483C4C83ED2D}.Release|Any CPU.ActiveCfg = Release|Any CPU
		{354C329B-5725-437D-9A62-483C4C83ED2D}.Release|Any CPU.Build.0 = Release|Any CPU
		{25591449-0A25-48EE-A2F2-712D03CB596F}.Debug|Any CPU.ActiveCfg = Debug|Any CPU
		{25591449-0A25-48EE-A2F2-712D03CB596F}.Debug|Any CPU.Build.0 = Debug|Any CPU
		{25591449-0A25-48EE-A2F2-712D03CB596F}.Release|Any CPU.ActiveCfg = Release|Any CPU
		{25591449-0A25-48EE-A2F2-712D03CB596F}.Release|Any CPU.Build.0 = Release|Any CPU
		{345337C8-098E-4D12-82D2-98ABF208AE88}.Debug|Any CPU.ActiveCfg = Debug|Any CPU
		{345337C8-098E-4D12-82D2-98ABF208AE88}.Debug|Any CPU.Build.0 = Debug|Any CPU
		{345337C8-098E-4D12-82D2-98ABF208AE88}.Release|Any CPU.ActiveCfg = Release|Any CPU
		{345337C8-098E-4D12-82D2-98ABF208AE88}.Release|Any CPU.Build.0 = Release|Any CPU
		{CADA80F0-D64F-4467-951F-8212B6FBCFB6}.Debug|Any CPU.ActiveCfg = Debug|Any CPU
		{CADA80F0-D64F-4467-951F-8212B6FBCFB6}.Debug|Any CPU.Build.0 = Debug|Any CPU
		{CADA80F0-D64F-4467-951F-8212B6FBCFB6}.Release|Any CPU.ActiveCfg = Release|Any CPU
		{CADA80F0-D64F-4467-951F-8212B6FBCFB6}.Release|Any CPU.Build.0 = Release|Any CPU
		{E92356E7-0A15-41A2-B36A-34ABCEA0F739}.Debug|Any CPU.ActiveCfg = Debug|Any CPU
		{E92356E7-0A15-41A2-B36A-34ABCEA0F739}.Debug|Any CPU.Build.0 = Debug|Any CPU
		{E92356E7-0A15-41A2-B36A-34ABCEA0F739}.Release|Any CPU.ActiveCfg = Release|Any CPU
		{E92356E7-0A15-41A2-B36A-34ABCEA0F739}.Release|Any CPU.Build.0 = Release|Any CPU
		{56119FF8-14C3-49F4-BA17-514373956B31}.Debug|Any CPU.ActiveCfg = Debug|Any CPU
		{56119FF8-14C3-49F4-BA17-514373956B31}.Debug|Any CPU.Build.0 = Debug|Any CPU
		{56119FF8-14C3-49F4-BA17-514373956B31}.Release|Any CPU.ActiveCfg = Release|Any CPU
		{56119FF8-14C3-49F4-BA17-514373956B31}.Release|Any CPU.Build.0 = Release|Any CPU
		{11C51F71-502F-4D0C-9041-CC90BFEE067B}.Debug|Any CPU.ActiveCfg = Debug|Any CPU
		{11C51F71-502F-4D0C-9041-CC90BFEE067B}.Debug|Any CPU.Build.0 = Debug|Any CPU
		{11C51F71-502F-4D0C-9041-CC90BFEE067B}.Release|Any CPU.ActiveCfg = Release|Any CPU
		{11C51F71-502F-4D0C-9041-CC90BFEE067B}.Release|Any CPU.Build.0 = Release|Any CPU
		{454DE14B-28DF-4DAF-866A-5B8260519ADC}.Debug|Any CPU.ActiveCfg = Debug|Any CPU
		{454DE14B-28DF-4DAF-866A-5B8260519ADC}.Debug|Any CPU.Build.0 = Debug|Any CPU
		{454DE14B-28DF-4DAF-866A-5B8260519ADC}.Release|Any CPU.ActiveCfg = Release|Any CPU
		{454DE14B-28DF-4DAF-866A-5B8260519ADC}.Release|Any CPU.Build.0 = Release|Any CPU
		{E5EFC7A5-E2A4-4E1F-A94F-13944FB4F4D8}.Debug|Any CPU.ActiveCfg = Debug|Any CPU
		{E5EFC7A5-E2A4-4E1F-A94F-13944FB4F4D8}.Debug|Any CPU.Build.0 = Debug|Any CPU
		{E5EFC7A5-E2A4-4E1F-A94F-13944FB4F4D8}.Release|Any CPU.ActiveCfg = Release|Any CPU
		{E5EFC7A5-E2A4-4E1F-A94F-13944FB4F4D8}.Release|Any CPU.Build.0 = Release|Any CPU
		{0D99208B-2ACB-4E22-A0B5-0AC41918EE24}.Debug|Any CPU.ActiveCfg = Debug|Any CPU
		{0D99208B-2ACB-4E22-A0B5-0AC41918EE24}.Debug|Any CPU.Build.0 = Debug|Any CPU
		{0D99208B-2ACB-4E22-A0B5-0AC41918EE24}.Release|Any CPU.ActiveCfg = Release|Any CPU
		{0D99208B-2ACB-4E22-A0B5-0AC41918EE24}.Release|Any CPU.Build.0 = Release|Any CPU
		{240DD2D4-3462-48FC-B1B4-4980B19994D1}.Debug|Any CPU.ActiveCfg = Debug|Any CPU
		{240DD2D4-3462-48FC-B1B4-4980B19994D1}.Debug|Any CPU.Build.0 = Debug|Any CPU
		{240DD2D4-3462-48FC-B1B4-4980B19994D1}.Release|Any CPU.ActiveCfg = Release|Any CPU
		{240DD2D4-3462-48FC-B1B4-4980B19994D1}.Release|Any CPU.Build.0 = Release|Any CPU
		{E328A93A-D329-4874-9BFB-58FB383924A6}.Debug|Any CPU.ActiveCfg = Debug|Any CPU
		{E328A93A-D329-4874-9BFB-58FB383924A6}.Debug|Any CPU.Build.0 = Debug|Any CPU
		{E328A93A-D329-4874-9BFB-58FB383924A6}.Release|Any CPU.ActiveCfg = Release|Any CPU
		{E328A93A-D329-4874-9BFB-58FB383924A6}.Release|Any CPU.Build.0 = Release|Any CPU
		{FA739841-F62E-42F0-8736-0370C3EB6B54}.Debug|Any CPU.ActiveCfg = Debug|Any CPU
		{FA739841-F62E-42F0-8736-0370C3EB6B54}.Debug|Any CPU.Build.0 = Debug|Any CPU
		{FA739841-F62E-42F0-8736-0370C3EB6B54}.Release|Any CPU.ActiveCfg = Release|Any CPU
		{FA739841-F62E-42F0-8736-0370C3EB6B54}.Release|Any CPU.Build.0 = Release|Any CPU
		{CF3946B6-020B-4BB7-91E4-1C76D7AC0B23}.Debug|Any CPU.ActiveCfg = Debug|Any CPU
		{CF3946B6-020B-4BB7-91E4-1C76D7AC0B23}.Debug|Any CPU.Build.0 = Debug|Any CPU
		{CF3946B6-020B-4BB7-91E4-1C76D7AC0B23}.Release|Any CPU.ActiveCfg = Release|Any CPU
		{CF3946B6-020B-4BB7-91E4-1C76D7AC0B23}.Release|Any CPU.Build.0 = Release|Any CPU
	EndGlobalSection
	GlobalSection(NestedProjects) = preSolution
		{48AC8566-821B-4372-BC9C-41B658E4A4E9} = {A66D0FCF-48CD-4214-995A-F55F41427D9A}
		{CE50C892-267F-4B49-9721-0270AAEC1A60} = {A66D0FCF-48CD-4214-995A-F55F41427D9A}
		{A28758D2-65D2-4E8E-9D56-D963371A2D9E} = {7A3D9721-CED8-4828-85CD-30BC1C22435E}
		{45562084-7975-4AB1-BA01-BB21C2DCEE4B} = {7A3D9721-CED8-4828-85CD-30BC1C22435E}
		{44BA31DA-F2B5-4D83-B3AC-FAA37E3F9C26} = {1F41A89F-D616-4070-BE4F-EE4A4B6888C2}
		{23ED0934-FBAC-4B85-816B-E5AD5A5492B3} = {1F41A89F-D616-4070-BE4F-EE4A4B6888C2}
		{3C74B824-AC8E-4BF6-8482-75DD1FAEBADB} = {3E3DF4F5-C51B-4DDA-83EA-8867E57F7947}
		{BF706592-E3CD-4CE7-93E3-BA11920BC3BD} = {3E3DF4F5-C51B-4DDA-83EA-8867E57F7947}
		{2DC588A9-BDAD-4386-AB2E-5A8164158155} = {D626390B-3BC5-45F1-ADDB-E2B3C75D6A15}
		{C1571595-A9B3-4E61-BC8A-A0D044D97DCF} = {D626390B-3BC5-45F1-ADDB-E2B3C75D6A15}
		{52E31312-4F5A-4D1D-AC9D-C2E5999AD0CC} = {540640F5-FC24-4355-91A7-494BEDF1ECFC}
		{752CC3D4-B793-4BAD-B3BF-699BD961646E} = {540640F5-FC24-4355-91A7-494BEDF1ECFC}
		{DF7227C9-6635-4E24-ACB7-0413A817AFEA} = {B41CAEA8-273C-4745-901E-3C22EBE5587D}
		{91B6D1FB-6A72-40A9-8287-8EF836D52C90} = {B41CAEA8-273C-4745-901E-3C22EBE5587D}
		{FB3FFD76-2283-4A76-807E-86366DFAB8D8} = {9517323D-1B9A-42BA-8A1E-D6A8F417DB50}
		{A93CDE27-E2DF-497D-9BF4-E41586B55F2D} = {9517323D-1B9A-42BA-8A1E-D6A8F417DB50}
		{8F6616F8-4C08-49D6-B0BC-37599A4E62DA} = {A7F30082-B0A0-4EA3-950F-728F141731B2}
		{71102E0D-5864-4F36-84FB-78484AB72907} = {A7F30082-B0A0-4EA3-950F-728F141731B2}
		{BA906E92-DD8A-4856-B508-7C36F152DBE7} = {45E094B1-6E2B-46B0-B22C-AFE008781DDE}
		{354C329B-5725-437D-9A62-483C4C83ED2D} = {45E094B1-6E2B-46B0-B22C-AFE008781DDE}
		{25591449-0A25-48EE-A2F2-712D03CB596F} = {12C8AF56-8E2D-4B09-8CE5-4087F3B233C3}
		{345337C8-098E-4D12-82D2-98ABF208AE88} = {12C8AF56-8E2D-4B09-8CE5-4087F3B233C3}
		{CADA80F0-D64F-4467-951F-8212B6FBCFB6} = {9B5C4B3B-06B1-48EE-ADAB-4D6ED5454D0F}
		{E92356E7-0A15-41A2-B36A-34ABCEA0F739} = {9B5C4B3B-06B1-48EE-ADAB-4D6ED5454D0F}
		{56119FF8-14C3-49F4-BA17-514373956B31} = {CB38503C-90D1-4B1D-9AF5-E1842FE38F4C}
		{11C51F71-502F-4D0C-9041-CC90BFEE067B} = {CB38503C-90D1-4B1D-9AF5-E1842FE38F4C}
		{454DE14B-28DF-4DAF-866A-5B8260519ADC} = {CF173058-F86C-4493-819B-65E9218773ED}
		{E5EFC7A5-E2A4-4E1F-A94F-13944FB4F4D8} = {CF173058-F86C-4493-819B-65E9218773ED}
		{0D99208B-2ACB-4E22-A0B5-0AC41918EE24} = {6D67083F-2572-4029-8EE6-58CF854A2AB8}
		{240DD2D4-3462-48FC-B1B4-4980B19994D1} = {6D67083F-2572-4029-8EE6-58CF854A2AB8}
		{E328A93A-D329-4874-9BFB-58FB383924A6} = {57D65FBE-8C80-43BB-B014-839C1A6529EE}
		{FA739841-F62E-42F0-8736-0370C3EB6B54} = {57D65FBE-8C80-43BB-B014-839C1A6529EE}
		{CF3946B6-020B-4BB7-91E4-1C76D7AC0B23} = {57D65FBE-8C80-43BB-B014-839C1A6529EE}
	EndGlobalSection
EndGlobal
